// !$*UTF8*$!
{
	archiveVersion = 1;
	classes = {
	};
	objectVersion = 56;
	objects = {

/* Begin PBXBuildFile section */
		845BAF0F2C276CD30054AAAA /* StartView.swift in Sources */ = {isa = PBXBuildFile; fileRef = 845BAF0E2C276CD30054AAAA /* StartView.swift */; };
		845BAF132C276CF00054AAAA /* RegisterFirstView.swift in Sources */ = {isa = PBXBuildFile; fileRef = 845BAF122C276CF00054AAAA /* RegisterFirstView.swift */; };
		845BAF152C276CFA0054AAAA /* KidRegisterView.swift in Sources */ = {isa = PBXBuildFile; fileRef = 845BAF142C276CFA0054AAAA /* KidRegisterView.swift */; };
		845BAF172C276D0D0054AAAA /* StartViewViewModel.swift in Sources */ = {isa = PBXBuildFile; fileRef = 845BAF162C276D0D0054AAAA /* StartViewViewModel.swift */; };
		845BAF192C276D150054AAAA /* RegisterFirstViewViewModel.swift in Sources */ = {isa = PBXBuildFile; fileRef = 845BAF182C276D150054AAAA /* RegisterFirstViewViewModel.swift */; };
		845BAF1B2C276D200054AAAA /* KidRegisterViewViewModel.swift in Sources */ = {isa = PBXBuildFile; fileRef = 845BAF1A2C276D200054AAAA /* KidRegisterViewViewModel.swift */; };
		845BAF1D2C276D780054AAAA /* AdultRegisterView.swift in Sources */ = {isa = PBXBuildFile; fileRef = 845BAF1C2C276D780054AAAA /* AdultRegisterView.swift */; };
		845BAF1F2C276D880054AAAA /* AdultRegisterViewViewModel.swift in Sources */ = {isa = PBXBuildFile; fileRef = 845BAF1E2C276D880054AAAA /* AdultRegisterViewViewModel.swift */; };
		845BAF212C2775580054AAAA /* MainView.swift in Sources */ = {isa = PBXBuildFile; fileRef = 845BAF202C2775580054AAAA /* MainView.swift */; };
		845BAF232C2775630054AAAA /* MainViewViewModel.swift in Sources */ = {isa = PBXBuildFile; fileRef = 845BAF222C2775630054AAAA /* MainViewViewModel.swift */; };
		845BAF252C2776D90054AAAA /* Extensions.swift in Sources */ = {isa = PBXBuildFile; fileRef = 845BAF242C2776D90054AAAA /* Extensions.swift */; };
		845F09A12C2766DF00070E19 /* UmbrellaFloodSafetyApp.swift in Sources */ = {isa = PBXBuildFile; fileRef = 845F09A02C2766DF00070E19 /* UmbrellaFloodSafetyApp.swift */; };
		845F09A32C2766DF00070E19 /* ContentView.swift in Sources */ = {isa = PBXBuildFile; fileRef = 845F09A22C2766DF00070E19 /* ContentView.swift */; };
		845F09A52C2766E100070E19 /* Assets.xcassets in Resources */ = {isa = PBXBuildFile; fileRef = 845F09A42C2766E100070E19 /* Assets.xcassets */; };
		845F09A82C2766E100070E19 /* Preview Assets.xcassets in Resources */ = {isa = PBXBuildFile; fileRef = 845F09A72C2766E100070E19 /* Preview Assets.xcassets */; };
		845F09AF2C27676700070E19 /* GoogleService-Info (1).plist in Resources */ = {isa = PBXBuildFile; fileRef = 845F09AE2C27676700070E19 /* GoogleService-Info (1).plist */; };
		845F09B22C27680B00070E19 /* FirebaseAnalytics in Frameworks */ = {isa = PBXBuildFile; productRef = 845F09B12C27680B00070E19 /* FirebaseAnalytics */; };
		845F09B42C27680B00070E19 /* FirebaseAuth in Frameworks */ = {isa = PBXBuildFile; productRef = 845F09B32C27680B00070E19 /* FirebaseAuth */; };
		845F09B62C27680B00070E19 /* FirebaseFirestore in Frameworks */ = {isa = PBXBuildFile; productRef = 845F09B52C27680B00070E19 /* FirebaseFirestore */; };
		845F09B82C27680B00070E19 /* FirebaseFirestoreSwift in Frameworks */ = {isa = PBXBuildFile; productRef = 845F09B72C27680B00070E19 /* FirebaseFirestoreSwift */; };
		845F09BD2C2768CA00070E19 /* User.swift in Sources */ = {isa = PBXBuildFile; fileRef = 845F09BC2C2768CA00070E19 /* User.swift */; };
		845F09BF2C27699300070E19 /* ContentViewViewModel.swift in Sources */ = {isa = PBXBuildFile; fileRef = 845F09BE2C27699300070E19 /* ContentViewViewModel.swift */; };
/* End PBXBuildFile section */

/* Begin PBXFileReference section */
		845BAF0E2C276CD30054AAAA /* StartView.swift */ = {isa = PBXFileReference; lastKnownFileType = sourcecode.swift; path = StartView.swift; sourceTree = "<group>"; };
		845BAF122C276CF00054AAAA /* RegisterFirstView.swift */ = {isa = PBXFileReference; lastKnownFileType = sourcecode.swift; path = RegisterFirstView.swift; sourceTree = "<group>"; };
		845BAF142C276CFA0054AAAA /* KidRegisterView.swift */ = {isa = PBXFileReference; lastKnownFileType = sourcecode.swift; path = KidRegisterView.swift; sourceTree = "<group>"; };
		845BAF162C276D0D0054AAAA /* StartViewViewModel.swift */ = {isa = PBXFileReference; lastKnownFileType = sourcecode.swift; path = StartViewViewModel.swift; sourceTree = "<group>"; };
		845BAF182C276D150054AAAA /* RegisterFirstViewViewModel.swift */ = {isa = PBXFileReference; lastKnownFileType = sourcecode.swift; path = RegisterFirstViewViewModel.swift; sourceTree = "<group>"; };
		845BAF1A2C276D200054AAAA /* KidRegisterViewViewModel.swift */ = {isa = PBXFileReference; lastKnownFileType = sourcecode.swift; path = KidRegisterViewViewModel.swift; sourceTree = "<group>"; };
		845BAF1C2C276D780054AAAA /* AdultRegisterView.swift */ = {isa = PBXFileReference; lastKnownFileType = sourcecode.swift; path = AdultRegisterView.swift; sourceTree = "<group>"; };
		845BAF1E2C276D880054AAAA /* AdultRegisterViewViewModel.swift */ = {isa = PBXFileReference; lastKnownFileType = sourcecode.swift; path = AdultRegisterViewViewModel.swift; sourceTree = "<group>"; };
		845BAF202C2775580054AAAA /* MainView.swift */ = {isa = PBXFileReference; lastKnownFileType = sourcecode.swift; path = MainView.swift; sourceTree = "<group>"; };
		845BAF222C2775630054AAAA /* MainViewViewModel.swift */ = {isa = PBXFileReference; lastKnownFileType = sourcecode.swift; path = MainViewViewModel.swift; sourceTree = "<group>"; };
		845BAF242C2776D90054AAAA /* Extensions.swift */ = {isa = PBXFileReference; lastKnownFileType = sourcecode.swift; path = Extensions.swift; sourceTree = "<group>"; };
		845F099D2C2766DF00070E19 /* UmbrellaFloodSafety.app */ = {isa = PBXFileReference; explicitFileType = wrapper.application; includeInIndex = 0; path = UmbrellaFloodSafety.app; sourceTree = BUILT_PRODUCTS_DIR; };
		845F09A02C2766DF00070E19 /* UmbrellaFloodSafetyApp.swift */ = {isa = PBXFileReference; lastKnownFileType = sourcecode.swift; path = UmbrellaFloodSafetyApp.swift; sourceTree = "<group>"; };
		845F09A22C2766DF00070E19 /* ContentView.swift */ = {isa = PBXFileReference; lastKnownFileType = sourcecode.swift; path = ContentView.swift; sourceTree = "<group>"; };
		845F09A42C2766E100070E19 /* Assets.xcassets */ = {isa = PBXFileReference; lastKnownFileType = folder.assetcatalog; path = Assets.xcassets; sourceTree = "<group>"; };
		845F09A72C2766E100070E19 /* Preview Assets.xcassets */ = {isa = PBXFileReference; lastKnownFileType = folder.assetcatalog; path = "Preview Assets.xcassets"; sourceTree = "<group>"; };
		845F09AE2C27676700070E19 /* GoogleService-Info (1).plist */ = {isa = PBXFileReference; fileEncoding = 4; lastKnownFileType = text.plist.xml; path = "GoogleService-Info (1).plist"; sourceTree = "<group>"; };
		845F09BC2C2768CA00070E19 /* User.swift */ = {isa = PBXFileReference; lastKnownFileType = sourcecode.swift; path = User.swift; sourceTree = "<group>"; };
		845F09BE2C27699300070E19 /* ContentViewViewModel.swift */ = {isa = PBXFileReference; lastKnownFileType = sourcecode.swift; path = ContentViewViewModel.swift; sourceTree = "<group>"; };
/* End PBXFileReference section */

/* Begin PBXFrameworksBuildPhase section */
		845F099A2C2766DF00070E19 /* Frameworks */ = {
			isa = PBXFrameworksBuildPhase;
			buildActionMask = 2147483647;
			files = (
				845F09B22C27680B00070E19 /* FirebaseAnalytics in Frameworks */,
				845F09B42C27680B00070E19 /* FirebaseAuth in Frameworks */,
				845F09B62C27680B00070E19 /* FirebaseFirestore in Frameworks */,
				845F09B82C27680B00070E19 /* FirebaseFirestoreSwift in Frameworks */,
			);
			runOnlyForDeploymentPostprocessing = 0;
		};
/* End PBXFrameworksBuildPhase section */

/* Begin PBXGroup section */
		845F09942C2766DF00070E19 = {
			isa = PBXGroup;
			children = (
				845F099F2C2766DF00070E19 /* UmbrellaFloodSafety */,
				845F099E2C2766DF00070E19 /* Products */,
			);
			sourceTree = "<group>";
		};
		845F099E2C2766DF00070E19 /* Products */ = {
			isa = PBXGroup;
			children = (
				845F099D2C2766DF00070E19 /* UmbrellaFloodSafety.app */,
			);
			name = Products;
			sourceTree = "<group>";
		};
		845F099F2C2766DF00070E19 /* UmbrellaFloodSafety */ = {
			isa = PBXGroup;
			children = (
				845F09AE2C27676700070E19 /* GoogleService-Info (1).plist */,
				845F09A02C2766DF00070E19 /* UmbrellaFloodSafetyApp.swift */,
				845BAF242C2776D90054AAAA /* Extensions.swift */,
				845F09A42C2766E100070E19 /* Assets.xcassets */,
				845F09BB2C27688900070E19 /* Views */,
				845F09B92C27687900070E19 /* Models */,
				845F09BA2C27688100070E19 /* ViewModels */,
				845F09A62C2766E100070E19 /* Preview Content */,
			);
			path = UmbrellaFloodSafety;
			sourceTree = "<group>";
		};
		845F09A62C2766E100070E19 /* Preview Content */ = {
			isa = PBXGroup;
			children = (
				845F09A72C2766E100070E19 /* Preview Assets.xcassets */,
			);
			path = "Preview Content";
			sourceTree = "<group>";
		};
		845F09B92C27687900070E19 /* Models */ = {
			isa = PBXGroup;
			children = (
				845F09BC2C2768CA00070E19 /* User.swift */,
			);
			path = Models;
			sourceTree = "<group>";
		};
		845F09BA2C27688100070E19 /* ViewModels */ = {
			isa = PBXGroup;
			children = (
				845F09BE2C27699300070E19 /* ContentViewViewModel.swift */,
				845BAF162C276D0D0054AAAA /* StartViewViewModel.swift */,
				845BAF182C276D150054AAAA /* RegisterFirstViewViewModel.swift */,
				845BAF1A2C276D200054AAAA /* KidRegisterViewViewModel.swift */,
				845BAF1E2C276D880054AAAA /* AdultRegisterViewViewModel.swift */,
				845BAF222C2775630054AAAA /* MainViewViewModel.swift */,
			);
			path = ViewModels;
			sourceTree = "<group>";
		};
		845F09BB2C27688900070E19 /* Views */ = {
			isa = PBXGroup;
			children = (
				845F09A22C2766DF00070E19 /* ContentView.swift */,
				845BAF0E2C276CD30054AAAA /* StartView.swift */,
				845BAF122C276CF00054AAAA /* RegisterFirstView.swift */,
				845BAF142C276CFA0054AAAA /* KidRegisterView.swift */,
				845BAF1C2C276D780054AAAA /* AdultRegisterView.swift */,
				845BAF202C2775580054AAAA /* MainView.swift */,
			);
			path = Views;
			sourceTree = "<group>";
		};
/* End PBXGroup section */

/* Begin PBXNativeTarget section */
		845F099C2C2766DF00070E19 /* UmbrellaFloodSafety */ = {
			isa = PBXNativeTarget;
			buildConfigurationList = 845F09AB2C2766E100070E19 /* Build configuration list for PBXNativeTarget "UmbrellaFloodSafety" */;
			buildPhases = (
				845F09992C2766DF00070E19 /* Sources */,
				845F099A2C2766DF00070E19 /* Frameworks */,
				845F099B2C2766DF00070E19 /* Resources */,
			);
			buildRules = (
			);
			dependencies = (
			);
			name = UmbrellaFloodSafety;
			packageProductDependencies = (
				845F09B12C27680B00070E19 /* FirebaseAnalytics */,
				845F09B32C27680B00070E19 /* FirebaseAuth */,
				845F09B52C27680B00070E19 /* FirebaseFirestore */,
				845F09B72C27680B00070E19 /* FirebaseFirestoreSwift */,
			);
			productName = UmbrellaFloodSafety;
			productReference = 845F099D2C2766DF00070E19 /* UmbrellaFloodSafety.app */;
			productType = "com.apple.product-type.application";
		};
/* End PBXNativeTarget section */

/* Begin PBXProject section */
		845F09952C2766DF00070E19 /* Project object */ = {
			isa = PBXProject;
			attributes = {
				BuildIndependentTargetsInParallel = 1;
				LastSwiftUpdateCheck = 1540;
				LastUpgradeCheck = 1540;
				TargetAttributes = {
					845F099C2C2766DF00070E19 = {
						CreatedOnToolsVersion = 15.4;
					};
				};
			};
			buildConfigurationList = 845F09982C2766DF00070E19 /* Build configuration list for PBXProject "UmbrellaFloodSafety" */;
			compatibilityVersion = "Xcode 14.0";
			developmentRegion = en;
			hasScannedForEncodings = 0;
			knownRegions = (
				en,
				Base,
			);
			mainGroup = 845F09942C2766DF00070E19;
			packageReferences = (
				845F09B02C27680B00070E19 /* XCRemoteSwiftPackageReference "firebase-ios-sdk" */,
			);
			productRefGroup = 845F099E2C2766DF00070E19 /* Products */;
			projectDirPath = "";
			projectRoot = "";
			targets = (
				845F099C2C2766DF00070E19 /* UmbrellaFloodSafety */,
			);
		};
/* End PBXProject section */

/* Begin PBXResourcesBuildPhase section */
		845F099B2C2766DF00070E19 /* Resources */ = {
			isa = PBXResourcesBuildPhase;
			buildActionMask = 2147483647;
			files = (
				845F09A82C2766E100070E19 /* Preview Assets.xcassets in Resources */,
				845F09AF2C27676700070E19 /* GoogleService-Info (1).plist in Resources */,
				845F09A52C2766E100070E19 /* Assets.xcassets in Resources */,
			);
			runOnlyForDeploymentPostprocessing = 0;
		};
/* End PBXResourcesBuildPhase section */

/* Begin PBXSourcesBuildPhase section */
		845F09992C2766DF00070E19 /* Sources */ = {
			isa = PBXSourcesBuildPhase;
			buildActionMask = 2147483647;
			files = (
				845BAF172C276D0D0054AAAA /* StartViewViewModel.swift in Sources */,
				845BAF212C2775580054AAAA /* MainView.swift in Sources */,
				845BAF232C2775630054AAAA /* MainViewViewModel.swift in Sources */,
				845F09A32C2766DF00070E19 /* ContentView.swift in Sources */,
				845BAF1B2C276D200054AAAA /* KidRegisterViewViewModel.swift in Sources */,
				845BAF0F2C276CD30054AAAA /* StartView.swift in Sources */,
				845BAF192C276D150054AAAA /* RegisterFirstViewViewModel.swift in Sources */,
				845F09A12C2766DF00070E19 /* UmbrellaFloodSafetyApp.swift in Sources */,
				845BAF1F2C276D880054AAAA /* AdultRegisterViewViewModel.swift in Sources */,
				845F09BD2C2768CA00070E19 /* User.swift in Sources */,
				845BAF252C2776D90054AAAA /* Extensions.swift in Sources */,
				845F09BF2C27699300070E19 /* ContentViewViewModel.swift in Sources */,
				845BAF152C276CFA0054AAAA /* KidRegisterView.swift in Sources */,
				845BAF132C276CF00054AAAA /* RegisterFirstView.swift in Sources */,
				845BAF1D2C276D780054AAAA /* AdultRegisterView.swift in Sources */,
			);
			runOnlyForDeploymentPostprocessing = 0;
		};
/* End PBXSourcesBuildPhase section */

/* Begin XCBuildConfiguration section */
		845F09A92C2766E100070E19 /* Debug */ = {
			isa = XCBuildConfiguration;
			buildSettings = {
				ALWAYS_SEARCH_USER_PATHS = NO;
				ASSETCATALOG_COMPILER_GENERATE_SWIFT_ASSET_SYMBOL_EXTENSIONS = YES;
				CLANG_ANALYZER_NONNULL = YES;
				CLANG_ANALYZER_NUMBER_OBJECT_CONVERSION = YES_AGGRESSIVE;
				CLANG_CXX_LANGUAGE_STANDARD = "gnu++20";
				CLANG_ENABLE_MODULES = YES;
				CLANG_ENABLE_OBJC_ARC = YES;
				CLANG_ENABLE_OBJC_WEAK = YES;
				CLANG_WARN_BLOCK_CAPTURE_AUTORELEASING = YES;
				CLANG_WARN_BOOL_CONVERSION = YES;
				CLANG_WARN_COMMA = YES;
				CLANG_WARN_CONSTANT_CONVERSION = YES;
				CLANG_WARN_DEPRECATED_OBJC_IMPLEMENTATIONS = YES;
				CLANG_WARN_DIRECT_OBJC_ISA_USAGE = YES_ERROR;
				CLANG_WARN_DOCUMENTATION_COMMENTS = YES;
				CLANG_WARN_EMPTY_BODY = YES;
				CLANG_WARN_ENUM_CONVERSION = YES;
				CLANG_WARN_INFINITE_RECURSION = YES;
				CLANG_WARN_INT_CONVERSION = YES;
				CLANG_WARN_NON_LITERAL_NULL_CONVERSION = YES;
				CLANG_WARN_OBJC_IMPLICIT_RETAIN_SELF = YES;
				CLANG_WARN_OBJC_LITERAL_CONVERSION = YES;
				CLANG_WARN_OBJC_ROOT_CLASS = YES_ERROR;
				CLANG_WARN_QUOTED_INCLUDE_IN_FRAMEWORK_HEADER = YES;
				CLANG_WARN_RANGE_LOOP_ANALYSIS = YES;
				CLANG_WARN_STRICT_PROTOTYPES = YES;
				CLANG_WARN_SUSPICIOUS_MOVE = YES;
				CLANG_WARN_UNGUARDED_AVAILABILITY = YES_AGGRESSIVE;
				CLANG_WARN_UNREACHABLE_CODE = YES;
				CLANG_WARN__DUPLICATE_METHOD_MATCH = YES;
				COPY_PHASE_STRIP = NO;
				DEBUG_INFORMATION_FORMAT = dwarf;
				ENABLE_STRICT_OBJC_MSGSEND = YES;
				ENABLE_TESTABILITY = YES;
				ENABLE_USER_SCRIPT_SANDBOXING = YES;
				GCC_C_LANGUAGE_STANDARD = gnu17;
				GCC_DYNAMIC_NO_PIC = NO;
				GCC_NO_COMMON_BLOCKS = YES;
				GCC_OPTIMIZATION_LEVEL = 0;
				GCC_PREPROCESSOR_DEFINITIONS = (
					"DEBUG=1",
					"$(inherited)",
				);
				GCC_WARN_64_TO_32_BIT_CONVERSION = YES;
				GCC_WARN_ABOUT_RETURN_TYPE = YES_ERROR;
				GCC_WARN_UNDECLARED_SELECTOR = YES;
				GCC_WARN_UNINITIALIZED_AUTOS = YES_AGGRESSIVE;
				GCC_WARN_UNUSED_FUNCTION = YES;
				GCC_WARN_UNUSED_VARIABLE = YES;
				IPHONEOS_DEPLOYMENT_TARGET = 17.5;
				LOCALIZATION_PREFERS_STRING_CATALOGS = YES;
				MTL_ENABLE_DEBUG_INFO = INCLUDE_SOURCE;
				MTL_FAST_MATH = YES;
				ONLY_ACTIVE_ARCH = YES;
				SDKROOT = iphoneos;
				SWIFT_ACTIVE_COMPILATION_CONDITIONS = "DEBUG $(inherited)";
				SWIFT_OPTIMIZATION_LEVEL = "-Onone";
			};
			name = Debug;
		};
		845F09AA2C2766E100070E19 /* Release */ = {
			isa = XCBuildConfiguration;
			buildSettings = {
				ALWAYS_SEARCH_USER_PATHS = NO;
				ASSETCATALOG_COMPILER_GENERATE_SWIFT_ASSET_SYMBOL_EXTENSIONS = YES;
				CLANG_ANALYZER_NONNULL = YES;
				CLANG_ANALYZER_NUMBER_OBJECT_CONVERSION = YES_AGGRESSIVE;
				CLANG_CXX_LANGUAGE_STANDARD = "gnu++20";
				CLANG_ENABLE_MODULES = YES;
				CLANG_ENABLE_OBJC_ARC = YES;
				CLANG_ENABLE_OBJC_WEAK = YES;
				CLANG_WARN_BLOCK_CAPTURE_AUTORELEASING = YES;
				CLANG_WARN_BOOL_CONVERSION = YES;
				CLANG_WARN_COMMA = YES;
				CLANG_WARN_CONSTANT_CONVERSION = YES;
				CLANG_WARN_DEPRECATED_OBJC_IMPLEMENTATIONS = YES;
				CLANG_WARN_DIRECT_OBJC_ISA_USAGE = YES_ERROR;
				CLANG_WARN_DOCUMENTATION_COMMENTS = YES;
				CLANG_WARN_EMPTY_BODY = YES;
				CLANG_WARN_ENUM_CONVERSION = YES;
				CLANG_WARN_INFINITE_RECURSION = YES;
				CLANG_WARN_INT_CONVERSION = YES;
				CLANG_WARN_NON_LITERAL_NULL_CONVERSION = YES;
				CLANG_WARN_OBJC_IMPLICIT_RETAIN_SELF = YES;
				CLANG_WARN_OBJC_LITERAL_CONVERSION = YES;
				CLANG_WARN_OBJC_ROOT_CLASS = YES_ERROR;
				CLANG_WARN_QUOTED_INCLUDE_IN_FRAMEWORK_HEADER = YES;
				CLANG_WARN_RANGE_LOOP_ANALYSIS = YES;
				CLANG_WARN_STRICT_PROTOTYPES = YES;
				CLANG_WARN_SUSPICIOUS_MOVE = YES;
				CLANG_WARN_UNGUARDED_AVAILABILITY = YES_AGGRESSIVE;
				CLANG_WARN_UNREACHABLE_CODE = YES;
				CLANG_WARN__DUPLICATE_METHOD_MATCH = YES;
				COPY_PHASE_STRIP = NO;
				DEBUG_INFORMATION_FORMAT = "dwarf-with-dsym";
				ENABLE_NS_ASSERTIONS = NO;
				ENABLE_STRICT_OBJC_MSGSEND = YES;
				ENABLE_USER_SCRIPT_SANDBOXING = YES;
				GCC_C_LANGUAGE_STANDARD = gnu17;
				GCC_NO_COMMON_BLOCKS = YES;
				GCC_WARN_64_TO_32_BIT_CONVERSION = YES;
				GCC_WARN_ABOUT_RETURN_TYPE = YES_ERROR;
				GCC_WARN_UNDECLARED_SELECTOR = YES;
				GCC_WARN_UNINITIALIZED_AUTOS = YES_AGGRESSIVE;
				GCC_WARN_UNUSED_FUNCTION = YES;
				GCC_WARN_UNUSED_VARIABLE = YES;
				IPHONEOS_DEPLOYMENT_TARGET = 17.5;
				LOCALIZATION_PREFERS_STRING_CATALOGS = YES;
				MTL_ENABLE_DEBUG_INFO = NO;
				MTL_FAST_MATH = YES;
				SDKROOT = iphoneos;
				SWIFT_COMPILATION_MODE = wholemodule;
				VALIDATE_PRODUCT = YES;
			};
			name = Release;
		};
		845F09AC2C2766E100070E19 /* Debug */ = {
			isa = XCBuildConfiguration;
			buildSettings = {
				ASSETCATALOG_COMPILER_APPICON_NAME = AppIcon;
				ASSETCATALOG_COMPILER_GLOBAL_ACCENT_COLOR_NAME = AccentColor;
				CODE_SIGN_STYLE = Automatic;
				CURRENT_PROJECT_VERSION = 1;
				DEVELOPMENT_ASSET_PATHS = "\"UmbrellaFloodSafety/Preview Content\"";
				ENABLE_PREVIEWS = YES;
				GENERATE_INFOPLIST_FILE = YES;
				INFOPLIST_KEY_UIApplicationSceneManifest_Generation = YES;
				INFOPLIST_KEY_UIApplicationSupportsIndirectInputEvents = YES;
				INFOPLIST_KEY_UILaunchScreen_Generation = YES;
				INFOPLIST_KEY_UISupportedInterfaceOrientations_iPad = "UIInterfaceOrientationPortrait UIInterfaceOrientationPortraitUpsideDown UIInterfaceOrientationLandscapeLeft UIInterfaceOrientationLandscapeRight";
				INFOPLIST_KEY_UISupportedInterfaceOrientations_iPhone = "UIInterfaceOrientationPortrait UIInterfaceOrientationLandscapeLeft UIInterfaceOrientationLandscapeRight";
				LD_RUNPATH_SEARCH_PATHS = (
					"$(inherited)",
					"@executable_path/Frameworks",
				);
				MARKETING_VERSION = 1.0;
				PRODUCT_BUNDLE_IDENTIFIER = com.dianamoyalapeira.UmbrellaFloodSafety;
				PRODUCT_NAME = "$(TARGET_NAME)";
				SWIFT_EMIT_LOC_STRINGS = YES;
				SWIFT_VERSION = 5.0;
				TARGETED_DEVICE_FAMILY = "1,2";
			};
			name = Debug;
		};
		845F09AD2C2766E100070E19 /* Release */ = {
			isa = XCBuildConfiguration;
			buildSettings = {
				ASSETCATALOG_COMPILER_APPICON_NAME = AppIcon;
				ASSETCATALOG_COMPILER_GLOBAL_ACCENT_COLOR_NAME = AccentColor;
				CODE_SIGN_STYLE = Automatic;
				CURRENT_PROJECT_VERSION = 1;
				DEVELOPMENT_ASSET_PATHS = "\"UmbrellaFloodSafety/Preview Content\"";
				ENABLE_PREVIEWS = YES;
				GENERATE_INFOPLIST_FILE = YES;
				INFOPLIST_KEY_UIApplicationSceneManifest_Generation = YES;
				INFOPLIST_KEY_UIApplicationSupportsIndirectInputEvents = YES;
				INFOPLIST_KEY_UILaunchScreen_Generation = YES;
				INFOPLIST_KEY_UISupportedInterfaceOrientations_iPad = "UIInterfaceOrientationPortrait UIInterfaceOrientationPortraitUpsideDown UIInterfaceOrientationLandscapeLeft UIInterfaceOrientationLandscapeRight";
				INFOPLIST_KEY_UISupportedInterfaceOrientations_iPhone = "UIInterfaceOrientationPortrait UIInterfaceOrientationLandscapeLeft UIInterfaceOrientationLandscapeRight";
				LD_RUNPATH_SEARCH_PATHS = (
					"$(inherited)",
					"@executable_path/Frameworks",
				);
				MARKETING_VERSION = 1.0;
				PRODUCT_BUNDLE_IDENTIFIER = com.dianamoyalapeira.UmbrellaFloodSafety;
				PRODUCT_NAME = "$(TARGET_NAME)";
				SWIFT_EMIT_LOC_STRINGS = YES;
				SWIFT_VERSION = 5.0;
				TARGETED_DEVICE_FAMILY = "1,2";
			};
			name = Release;
		};
/* End XCBuildConfiguration section */

/* Begin XCConfigurationList section */
		845F09982C2766DF00070E19 /* Build configuration list for PBXProject "UmbrellaFloodSafety" */ = {
			isa = XCConfigurationList;
			buildConfigurations = (
				845F09A92C2766E100070E19 /* Debug */,
				845F09AA2C2766E100070E19 /* Release */,
			);
			defaultConfigurationIsVisible = 0;
			defaultConfigurationName = Release;
		};
		845F09AB2C2766E100070E19 /* Build configuration list for PBXNativeTarget "UmbrellaFloodSafety" */ = {
			isa = XCConfigurationList;
			buildConfigurations = (
				845F09AC2C2766E100070E19 /* Debug */,
				845F09AD2C2766E100070E19 /* Release */,
			);
			defaultConfigurationIsVisible = 0;
			defaultConfigurationName = Release;
		};
/* End XCConfigurationList section */

/* Begin XCRemoteSwiftPackageReference section */
		845F09B02C27680B00070E19 /* XCRemoteSwiftPackageReference "firebase-ios-sdk" */ = {
			isa = XCRemoteSwiftPackageReference;
			repositoryURL = "https://github.com/firebase/firebase-ios-sdk";
			requirement = {
				kind = upToNextMajorVersion;
				minimumVersion = 10.28.0;
			};
		};
/* End XCRemoteSwiftPackageReference section */

/* Begin XCSwiftPackageProductDependency section */
		845F09B12C27680B00070E19 /* FirebaseAnalytics */ = {
			isa = XCSwiftPackageProductDependency;
			package = 845F09B02C27680B00070E19 /* XCRemoteSwiftPackageReference "firebase-ios-sdk" */;
			productName = FirebaseAnalytics;
		};
		845F09B32C27680B00070E19 /* FirebaseAuth */ = {
			isa = XCSwiftPackageProductDependency;
			package = 845F09B02C27680B00070E19 /* XCRemoteSwiftPackageReference "firebase-ios-sdk" */;
			productName = FirebaseAuth;
		};
		845F09B52C27680B00070E19 /* FirebaseFirestore */ = {
			isa = XCSwiftPackageProductDependency;
			package = 845F09B02C27680B00070E19 /* XCRemoteSwiftPackageReference "firebase-ios-sdk" */;
			productName = FirebaseFirestore;
		};
		845F09B72C27680B00070E19 /* FirebaseFirestoreSwift */ = {
			isa = XCSwiftPackageProductDependency;
			package = 845F09B02C27680B00070E19 /* XCRemoteSwiftPackageReference "firebase-ios-sdk" */;
			productName = FirebaseFirestoreSwift;
		};
/* End XCSwiftPackageProductDependency section */
	};
	rootObject = 845F09952C2766DF00070E19 /* Project object */;
}
