// !$*UTF8*$!
{
	archiveVersion = 1;
	classes = {
	};
	objectVersion = 56;
	objects = {

/* Begin PBXBuildFile section */
		2DA960E92C6ECCDB00688E6F /* UmbrellaViewViewModel.swift in Sources */ = {isa = PBXBuildFile; fileRef = 2DA960E82C6ECCDB00688E6F /* UmbrellaViewViewModel.swift */; };
		2DCC31482C67CA550031A173 /* EmergencyPlanUsersView.swift in Sources */ = {isa = PBXBuildFile; fileRef = 2DCC31472C67CA550031A173 /* EmergencyPlanUsersView.swift */; };
		2DCC314A2C67D3980031A173 /* AddUsersToPlanSheet.swift in Sources */ = {isa = PBXBuildFile; fileRef = 2DCC31492C67D3980031A173 /* AddUsersToPlanSheet.swift */; };
		2DCC314C2C68308B0031A173 /* EmergencyPlanView.swift in Sources */ = {isa = PBXBuildFile; fileRef = 2DCC314B2C68308B0031A173 /* EmergencyPlanView.swift */; };
		2DCC314E2C686C9A0031A173 /* FloodDetectedView.swift in Sources */ = {isa = PBXBuildFile; fileRef = 2DCC314D2C686C9A0031A173 /* FloodDetectedView.swift */; };
		2DCC31502C6AA9440031A173 /* TransitionTest.swift in Sources */ = {isa = PBXBuildFile; fileRef = 2DCC314F2C6AA9440031A173 /* TransitionTest.swift */; };
		2DE745CD2C6E9BAC00035D1A /* EmergencyPlanViewViewModel.swift in Sources */ = {isa = PBXBuildFile; fileRef = 2DE745CC2C6E9BAC00035D1A /* EmergencyPlanViewViewModel.swift */; };
		2DF32F5D2C67C047002C7ECF /* EmergencyPlanFirebaseManager.swift in Sources */ = {isa = PBXBuildFile; fileRef = 2DF32F5C2C67C047002C7ECF /* EmergencyPlanFirebaseManager.swift */; };
		2DF32F5F2C67C161002C7ECF /* EmergencyPlanModel.swift in Sources */ = {isa = PBXBuildFile; fileRef = 2DF32F5E2C67C161002C7ECF /* EmergencyPlanModel.swift */; };
		8409CEC52C64342D002EEBDC /* SpecialNeedsEvacuationPlanView.swift in Sources */ = {isa = PBXBuildFile; fileRef = 8409CEC42C64342D002EEBDC /* SpecialNeedsEvacuationPlanView.swift */; };
		8409CEC72C643C7B002EEBDC /* ChildEvacuationPlanView.swift in Sources */ = {isa = PBXBuildFile; fileRef = 8409CEC62C643C7B002EEBDC /* ChildEvacuationPlanView.swift */; };
		840C96DA2C3FA1A000EFAFA7 /* ConversationViewViewModel.swift in Sources */ = {isa = PBXBuildFile; fileRef = 840C96D92C3FA1A000EFAFA7 /* ConversationViewViewModel.swift */; };
		840F28ED2C425C36001F02FF /* HairSelection.swift in Sources */ = {isa = PBXBuildFile; fileRef = 840F28EC2C425C36001F02FF /* HairSelection.swift */; };
		840F28EF2C4320BA001F02FF /* ShirtSelection.swift in Sources */ = {isa = PBXBuildFile; fileRef = 840F28EE2C4320BA001F02FF /* ShirtSelection.swift */; };
		840F28F12C4326EC001F02FF /* AccessoriesSelection.swift in Sources */ = {isa = PBXBuildFile; fileRef = 840F28F02C4326EC001F02FF /* AccessoriesSelection.swift */; };
		840F28F32C4356F3001F02FF /* LearnTileStroke.swift in Sources */ = {isa = PBXBuildFile; fileRef = 840F28F22C4356F3001F02FF /* LearnTileStroke.swift */; };
		841B7BDE2C33545000BC5787 /* UserListView.swift in Sources */ = {isa = PBXBuildFile; fileRef = 841B7BDD2C33545000BC5787 /* UserListView.swift */; };
		841B7BE02C335D5900BC5787 /* UserListViewViewModel.swift in Sources */ = {isa = PBXBuildFile; fileRef = 841B7BDF2C335D5900BC5787 /* UserListViewViewModel.swift */; };
		84271DDB2C56093900CF8B91 /* FirebaseFunctions in Frameworks */ = {isa = PBXBuildFile; productRef = 84271DDA2C56093900CF8B91 /* FirebaseFunctions */; };
		84309F282C4211E100E60040 /* ProfilePictureView.swift in Sources */ = {isa = PBXBuildFile; fileRef = 84309F272C4211E100E60040 /* ProfilePictureView.swift */; };
		8433B8A12C4811AE002AEF51 /* Call911Button.swift in Sources */ = {isa = PBXBuildFile; fileRef = 8433B8A02C4811AE002AEF51 /* Call911Button.swift */; };
		8438F31B2C2E22BF00F0EB3E /* GoogleService-Info.plist in Resources */ = {isa = PBXBuildFile; fileRef = 8438F31A2C2E22BF00F0EB3E /* GoogleService-Info.plist */; };
		843A1A2B2C27C51100F305C1 /* Nunito-Black.ttf in Resources */ = {isa = PBXBuildFile; fileRef = 843A1A152C27C51100F305C1 /* Nunito-Black.ttf */; };
		843A1A2C2C27C51100F305C1 /* Nunito-BlackItalic.ttf in Resources */ = {isa = PBXBuildFile; fileRef = 843A1A162C27C51100F305C1 /* Nunito-BlackItalic.ttf */; };
		843A1A2D2C27C51100F305C1 /* Nunito-Bold.ttf in Resources */ = {isa = PBXBuildFile; fileRef = 843A1A172C27C51100F305C1 /* Nunito-Bold.ttf */; };
		843A1A2E2C27C51100F305C1 /* Nunito-BoldItalic.ttf in Resources */ = {isa = PBXBuildFile; fileRef = 843A1A182C27C51100F305C1 /* Nunito-BoldItalic.ttf */; };
		843A1A2F2C27C51100F305C1 /* Nunito-ExtraBold.ttf in Resources */ = {isa = PBXBuildFile; fileRef = 843A1A192C27C51100F305C1 /* Nunito-ExtraBold.ttf */; };
		843A1A302C27C51100F305C1 /* Nunito-ExtraBoldItalic.ttf in Resources */ = {isa = PBXBuildFile; fileRef = 843A1A1A2C27C51100F305C1 /* Nunito-ExtraBoldItalic.ttf */; };
		843A1A312C27C51100F305C1 /* Nunito-ExtraLight.ttf in Resources */ = {isa = PBXBuildFile; fileRef = 843A1A1B2C27C51100F305C1 /* Nunito-ExtraLight.ttf */; };
		843A1A322C27C51100F305C1 /* Nunito-ExtraLightItalic.ttf in Resources */ = {isa = PBXBuildFile; fileRef = 843A1A1C2C27C51100F305C1 /* Nunito-ExtraLightItalic.ttf */; };
		843A1A332C27C51100F305C1 /* Nunito-Italic.ttf in Resources */ = {isa = PBXBuildFile; fileRef = 843A1A1D2C27C51100F305C1 /* Nunito-Italic.ttf */; };
		843A1A342C27C51100F305C1 /* Nunito-Light.ttf in Resources */ = {isa = PBXBuildFile; fileRef = 843A1A1E2C27C51100F305C1 /* Nunito-Light.ttf */; };
		843A1A352C27C51100F305C1 /* Nunito-LightItalic.ttf in Resources */ = {isa = PBXBuildFile; fileRef = 843A1A1F2C27C51100F305C1 /* Nunito-LightItalic.ttf */; };
		843A1A362C27C51100F305C1 /* Nunito-Medium.ttf in Resources */ = {isa = PBXBuildFile; fileRef = 843A1A202C27C51100F305C1 /* Nunito-Medium.ttf */; };
		843A1A372C27C51100F305C1 /* Nunito-MediumItalic.ttf in Resources */ = {isa = PBXBuildFile; fileRef = 843A1A212C27C51100F305C1 /* Nunito-MediumItalic.ttf */; };
		843A1A382C27C51100F305C1 /* Nunito-Regular.ttf in Resources */ = {isa = PBXBuildFile; fileRef = 843A1A222C27C51100F305C1 /* Nunito-Regular.ttf */; };
		843A1A392C27C51100F305C1 /* Nunito-SemiBold.ttf in Resources */ = {isa = PBXBuildFile; fileRef = 843A1A232C27C51100F305C1 /* Nunito-SemiBold.ttf */; };
		843A1A3A2C27C51100F305C1 /* Nunito-SemiBoldItalic.ttf in Resources */ = {isa = PBXBuildFile; fileRef = 843A1A242C27C51100F305C1 /* Nunito-SemiBoldItalic.ttf */; };
		843A1A3B2C27C51100F305C1 /* Nunito-Italic-VariableFont_wght.ttf in Resources */ = {isa = PBXBuildFile; fileRef = 843A1A262C27C51100F305C1 /* Nunito-Italic-VariableFont_wght.ttf */; };
		843A1A3C2C27C51100F305C1 /* Nunito-VariableFont_wght.ttf in Resources */ = {isa = PBXBuildFile; fileRef = 843A1A272C27C51100F305C1 /* Nunito-VariableFont_wght.ttf */; };
		843A1A3D2C27C51100F305C1 /* OFL.txt in Resources */ = {isa = PBXBuildFile; fileRef = 843A1A282C27C51100F305C1 /* OFL.txt */; };
		843A1A3E2C27C51100F305C1 /* README.txt in Resources */ = {isa = PBXBuildFile; fileRef = 843A1A292C27C51100F305C1 /* README.txt */; };
		84445D892C3641EC00A5EB6C /* LearnTile.swift in Sources */ = {isa = PBXBuildFile; fileRef = 84445D882C3641EC00A5EB6C /* LearnTile.swift */; };
		84445D8B2C3644A600A5EB6C /* MessagingListItem.swift in Sources */ = {isa = PBXBuildFile; fileRef = 84445D8A2C3644A600A5EB6C /* MessagingListItem.swift */; };
		84445D8F2C36678C00A5EB6C /* MessagingListItemViewModel.swift in Sources */ = {isa = PBXBuildFile; fileRef = 84445D8E2C36678C00A5EB6C /* MessagingListItemViewModel.swift */; };
		844A80D22C2A9EE4002A2D14 /* MapView.swift in Sources */ = {isa = PBXBuildFile; fileRef = 844A80D12C2A9EE4002A2D14 /* MapView.swift */; };
		844A80D42C2A9EEF002A2D14 /* MapViewViewModel.swift in Sources */ = {isa = PBXBuildFile; fileRef = 844A80D32C2A9EEF002A2D14 /* MapViewViewModel.swift */; };
		844A80D62C2A9F09002A2D14 /* MessagingView.swift in Sources */ = {isa = PBXBuildFile; fileRef = 844A80D52C2A9F09002A2D14 /* MessagingView.swift */; };
		844A80D82C2A9F11002A2D14 /* MessagingViewViewModel.swift in Sources */ = {isa = PBXBuildFile; fileRef = 844A80D72C2A9F11002A2D14 /* MessagingViewViewModel.swift */; };
		844A80DA2C2A9F17002A2D14 /* LearnView.swift in Sources */ = {isa = PBXBuildFile; fileRef = 844A80D92C2A9F17002A2D14 /* LearnView.swift */; };
		844A80DC2C2A9F20002A2D14 /* LearnViewViewModel.swift in Sources */ = {isa = PBXBuildFile; fileRef = 844A80DB2C2A9F20002A2D14 /* LearnViewViewModel.swift */; };
		844A80DE2C2A9F2B002A2D14 /* ProfileView.swift in Sources */ = {isa = PBXBuildFile; fileRef = 844A80DD2C2A9F2B002A2D14 /* ProfileView.swift */; };
		844A80E02C2A9F34002A2D14 /* ProfileViewViewModel.swift in Sources */ = {isa = PBXBuildFile; fileRef = 844A80DF2C2A9F34002A2D14 /* ProfileViewViewModel.swift */; };
		844A80E22C2AA3EE002A2D14 /* LoginView.swift in Sources */ = {isa = PBXBuildFile; fileRef = 844A80E12C2AA3EE002A2D14 /* LoginView.swift */; };
		844A80E42C2AA3F8002A2D14 /* LoginViewViewModel.swift in Sources */ = {isa = PBXBuildFile; fileRef = 844A80E32C2AA3F8002A2D14 /* LoginViewViewModel.swift */; };
		844E4E712C4A3265007A22BA /* SingleNotificationView.swift in Sources */ = {isa = PBXBuildFile; fileRef = 844E4E702C4A3265007A22BA /* SingleNotificationView.swift */; };
		845BAF0F2C276CD30054AAAA /* StartView.swift in Sources */ = {isa = PBXBuildFile; fileRef = 845BAF0E2C276CD30054AAAA /* StartView.swift */; };
		845BAF132C276CF00054AAAA /* RegisterFirstView.swift in Sources */ = {isa = PBXBuildFile; fileRef = 845BAF122C276CF00054AAAA /* RegisterFirstView.swift */; };
		845BAF152C276CFA0054AAAA /* KidRegisterView.swift in Sources */ = {isa = PBXBuildFile; fileRef = 845BAF142C276CFA0054AAAA /* KidRegisterView.swift */; };
		845BAF172C276D0D0054AAAA /* StartViewViewModel.swift in Sources */ = {isa = PBXBuildFile; fileRef = 845BAF162C276D0D0054AAAA /* StartViewViewModel.swift */; };
		845BAF192C276D150054AAAA /* RegisterFirstViewViewModel.swift in Sources */ = {isa = PBXBuildFile; fileRef = 845BAF182C276D150054AAAA /* RegisterFirstViewViewModel.swift */; };
		845BAF1B2C276D200054AAAA /* KidRegisterViewViewModel.swift in Sources */ = {isa = PBXBuildFile; fileRef = 845BAF1A2C276D200054AAAA /* KidRegisterViewViewModel.swift */; };
		845BAF1D2C276D780054AAAA /* AdultRegisterView.swift in Sources */ = {isa = PBXBuildFile; fileRef = 845BAF1C2C276D780054AAAA /* AdultRegisterView.swift */; };
		845BAF1F2C276D880054AAAA /* AdultRegisterViewViewModel.swift in Sources */ = {isa = PBXBuildFile; fileRef = 845BAF1E2C276D880054AAAA /* AdultRegisterViewViewModel.swift */; };
		845BAF212C2775580054AAAA /* MainView.swift in Sources */ = {isa = PBXBuildFile; fileRef = 845BAF202C2775580054AAAA /* MainView.swift */; };
		845BAF232C2775630054AAAA /* MainViewViewModel.swift in Sources */ = {isa = PBXBuildFile; fileRef = 845BAF222C2775630054AAAA /* MainViewViewModel.swift */; };
		845BAF252C2776D90054AAAA /* Extensions.swift in Sources */ = {isa = PBXBuildFile; fileRef = 845BAF242C2776D90054AAAA /* Extensions.swift */; };
		845BAF272C277BCC0054AAAA /* UMButton.swift in Sources */ = {isa = PBXBuildFile; fileRef = 845BAF262C277BCC0054AAAA /* UMButton.swift */; };
		845F09A12C2766DF00070E19 /* UmbrellaFloodSafetyApp.swift in Sources */ = {isa = PBXBuildFile; fileRef = 845F09A02C2766DF00070E19 /* UmbrellaFloodSafetyApp.swift */; };
		845F09A52C2766E100070E19 /* Assets.xcassets in Resources */ = {isa = PBXBuildFile; fileRef = 845F09A42C2766E100070E19 /* Assets.xcassets */; };
		845F09A82C2766E100070E19 /* Preview Assets.xcassets in Resources */ = {isa = PBXBuildFile; fileRef = 845F09A72C2766E100070E19 /* Preview Assets.xcassets */; };
		845F09B22C27680B00070E19 /* FirebaseAnalytics in Frameworks */ = {isa = PBXBuildFile; productRef = 845F09B12C27680B00070E19 /* FirebaseAnalytics */; };
		845F09B42C27680B00070E19 /* FirebaseAuth in Frameworks */ = {isa = PBXBuildFile; productRef = 845F09B32C27680B00070E19 /* FirebaseAuth */; };
		845F09B62C27680B00070E19 /* FirebaseFirestore in Frameworks */ = {isa = PBXBuildFile; productRef = 845F09B52C27680B00070E19 /* FirebaseFirestore */; };
		845F09B82C27680B00070E19 /* FirebaseFirestoreSwift in Frameworks */ = {isa = PBXBuildFile; productRef = 845F09B72C27680B00070E19 /* FirebaseFirestoreSwift */; };
		845F09BD2C2768CA00070E19 /* User.swift in Sources */ = {isa = PBXBuildFile; fileRef = 845F09BC2C2768CA00070E19 /* User.swift */; };
		846E49052C3CD3E80019C68A /* conversation.swift in Sources */ = {isa = PBXBuildFile; fileRef = 846E49042C3CD3E80019C68A /* conversation.swift */; };
		846E49092C3CE85E0019C68A /* ConversationView.swift in Sources */ = {isa = PBXBuildFile; fileRef = 846E49082C3CE85E0019C68A /* ConversationView.swift */; };
		846E490B2C3CEEF40019C68A /* TextMessageView.swift in Sources */ = {isa = PBXBuildFile; fileRef = 846E490A2C3CEEF40019C68A /* TextMessageView.swift */; };
		846F3C252C2BD7D300DACB0C /* WeatherManager.swift in Sources */ = {isa = PBXBuildFile; fileRef = 846F3C242C2BD7D300DACB0C /* WeatherManager.swift */; };
		8475EA642C35AF5C00321D9D /* FirebaseManager.swift in Sources */ = {isa = PBXBuildFile; fileRef = 8475EA632C35AF5C00321D9D /* FirebaseManager.swift */; };
		8481D5962C53059F00A4AB05 /* ColorExplanation.swift in Sources */ = {isa = PBXBuildFile; fileRef = 8481D5952C53059F00A4AB05 /* ColorExplanation.swift */; };
		848B3B202C4A353200B962FD /* Notification.swift in Sources */ = {isa = PBXBuildFile; fileRef = 848B3B1F2C4A353200B962FD /* Notification.swift */; };
		848B3B232C4A35C800B962FD /* NotificationViewViewModel.swift in Sources */ = {isa = PBXBuildFile; fileRef = 848B3B222C4A35C800B962FD /* NotificationViewViewModel.swift */; };
		8491A15A2C3B5B1A004AE55C /* groupSelection.swift in Sources */ = {isa = PBXBuildFile; fileRef = 8491A1592C3B5B1A004AE55C /* groupSelection.swift */; };
		84923A932C2F7DF6004EAECC /* MapViewSheet.swift in Sources */ = {isa = PBXBuildFile; fileRef = 84923A922C2F7DF6004EAECC /* MapViewSheet.swift */; };
		84923A952C2F806B004EAECC /* ProfileWMarker.swift in Sources */ = {isa = PBXBuildFile; fileRef = 84923A942C2F806B004EAECC /* ProfileWMarker.swift */; };
		84923A972C2F82BF004EAECC /* WarningColorManager.swift in Sources */ = {isa = PBXBuildFile; fileRef = 84923A962C2F82BF004EAECC /* WarningColorManager.swift */; };
		84923A9E2C311BEA004EAECC /* FirebaseStorage in Frameworks */ = {isa = PBXBuildFile; productRef = 84923A9D2C311BEA004EAECC /* FirebaseStorage */; };
		84923AB12C3264A7004EAECC /* JoinAnUmbrella.swift in Sources */ = {isa = PBXBuildFile; fileRef = 84923AB02C3264A7004EAECC /* JoinAnUmbrella.swift */; };
		84923AB52C326A7D004EAECC /* OtpModifier.swift in Sources */ = {isa = PBXBuildFile; fileRef = 84923AB42C326A7D004EAECC /* OtpModifier.swift */; };
		8494D56C2C5EC1860059B723 /* EmergencyPlans.swift in Sources */ = {isa = PBXBuildFile; fileRef = 8494D56B2C5EC1860059B723 /* EmergencyPlans.swift */; };
		8494D56E2C5EC3C30059B723 /* MakeEmergencyPlan.swift in Sources */ = {isa = PBXBuildFile; fileRef = 8494D56D2C5EC3C30059B723 /* MakeEmergencyPlan.swift */; };
		8494D5702C631AAE0059B723 /* MakeEmergencyPlanViewModel.swift in Sources */ = {isa = PBXBuildFile; fileRef = 8494D56F2C631AAE0059B723 /* MakeEmergencyPlanViewModel.swift */; };
		8494D5722C631AF60059B723 /* EmergencyContact.swift in Sources */ = {isa = PBXBuildFile; fileRef = 8494D5712C631AF60059B723 /* EmergencyContact.swift */; };
		84969DCE2C63224F00719A6C /* PetEmergencyInfo.swift in Sources */ = {isa = PBXBuildFile; fileRef = 84969DCD2C63224F00719A6C /* PetEmergencyInfo.swift */; };
		84969DD02C6323F200719A6C /* childEvacuationPlan.swift in Sources */ = {isa = PBXBuildFile; fileRef = 84969DCF2C6323F200719A6C /* childEvacuationPlan.swift */; };
		84969DD22C6324AD00719A6C /* SpecialNeedsEvacuationPlan.swift in Sources */ = {isa = PBXBuildFile; fileRef = 84969DD12C6324AD00719A6C /* SpecialNeedsEvacuationPlan.swift */; };
		84969DD42C63256800719A6C /* FamilyResponsibilities.swift in Sources */ = {isa = PBXBuildFile; fileRef = 84969DD32C63256800719A6C /* FamilyResponsibilities.swift */; };
		84969DD82C63295900719A6C /* CreateEmergencyContact.swift in Sources */ = {isa = PBXBuildFile; fileRef = 84969DD72C63295900719A6C /* CreateEmergencyContact.swift */; };
		84969DDA2C6333E500719A6C /* EmergencyContactListView.swift in Sources */ = {isa = PBXBuildFile; fileRef = 84969DD92C6333E500719A6C /* EmergencyContactListView.swift */; };
		84969DDC2C64277F00719A6C /* PetInfoListView.swift in Sources */ = {isa = PBXBuildFile; fileRef = 84969DDB2C64277F00719A6C /* PetInfoListView.swift */; };
		84969DDE2C6428C300719A6C /* CreatePetEmergencyInfo.swift in Sources */ = {isa = PBXBuildFile; fileRef = 84969DDD2C6428C300719A6C /* CreatePetEmergencyInfo.swift */; };
		849876C92C4CB63500C57B52 /* TabController.swift in Sources */ = {isa = PBXBuildFile; fileRef = 849876C82C4CB63500C57B52 /* TabController.swift */; };
		849876D52C4DD5B600C57B52 /* UserView.swift in Sources */ = {isa = PBXBuildFile; fileRef = 849876D42C4DD5B600C57B52 /* UserView.swift */; };
		849876D72C4F204200C57B52 /* UserViewViewModel.swift in Sources */ = {isa = PBXBuildFile; fileRef = 849876D62C4F204200C57B52 /* UserViewViewModel.swift */; };
		849876D92C4F2A8000C57B52 /* Report.swift in Sources */ = {isa = PBXBuildFile; fileRef = 849876D82C4F2A8000C57B52 /* Report.swift */; };
		849876DB2C4F30CF00C57B52 /* ReportView.swift in Sources */ = {isa = PBXBuildFile; fileRef = 849876DA2C4F30CF00C57B52 /* ReportView.swift */; };
		84A742062C3702E4004858D8 /* BottomSheet in Frameworks */ = {isa = PBXBuildFile; productRef = 84A742052C3702E4004858D8 /* BottomSheet */; };
		84B297E42C3B9AF3008E5F00 /* MapMarker.swift in Sources */ = {isa = PBXBuildFile; fileRef = 84B297E32C3B9AF3008E5F00 /* MapMarker.swift */; };
		84BEC9E52C48B8DB00119CCF /* FloodSafetyResources.swift in Sources */ = {isa = PBXBuildFile; fileRef = 84BEC9E42C48B8DB00119CCF /* FloodSafetyResources.swift */; };
		84C2FF802C48AB0600E87224 /* NotificationView.swift in Sources */ = {isa = PBXBuildFile; fileRef = 84C2FF7F2C48AB0600E87224 /* NotificationView.swift */; };
		84C2FF822C48AB3200E87224 /* KidsEmergencyGuide.swift in Sources */ = {isa = PBXBuildFile; fileRef = 84C2FF812C48AB3200E87224 /* KidsEmergencyGuide.swift */; };
		84C2FF842C48AB3800E87224 /* AdultEmergencyGuide.swift in Sources */ = {isa = PBXBuildFile; fileRef = 84C2FF832C48AB3800E87224 /* AdultEmergencyGuide.swift */; };
		84D814B82C40D2C00099B020 /* suggestionView.swift in Sources */ = {isa = PBXBuildFile; fileRef = 84D814B72C40D2C00099B020 /* suggestionView.swift */; };
		84D814BC2C40D2F10099B020 /* CreateAvatar.swift in Sources */ = {isa = PBXBuildFile; fileRef = 84D814BB2C40D2F10099B020 /* CreateAvatar.swift */; };
		84D814BE2C40FC200099B020 /* OpenAIAPI.swift in Sources */ = {isa = PBXBuildFile; fileRef = 84D814BD2C40FC200099B020 /* OpenAIAPI.swift */; };
		84ED76BE2C4242FA00F47875 /* SkinAvatarSelection.swift in Sources */ = {isa = PBXBuildFile; fileRef = 84ED76BD2C4242FA00F47875 /* SkinAvatarSelection.swift */; };
		84ED76C02C424B1A00F47875 /* CreateAvatarViewViewModel.swift in Sources */ = {isa = PBXBuildFile; fileRef = 84ED76BF2C424B1A00F47875 /* CreateAvatarViewViewModel.swift */; };
		84ED817F2C4F5D2D00F58201 /* Settings.swift in Sources */ = {isa = PBXBuildFile; fileRef = 84ED817E2C4F5D2D00F58201 /* Settings.swift */; };
		84ED81812C4F61D900F58201 /* SettingsViewModel.swift in Sources */ = {isa = PBXBuildFile; fileRef = 84ED81802C4F61D900F58201 /* SettingsViewModel.swift */; };
		84ED81832C4F6A9F00F58201 /* UnblockUsers.swift in Sources */ = {isa = PBXBuildFile; fileRef = 84ED81822C4F6A9F00F58201 /* UnblockUsers.swift */; };
		84ED81852C4F718100F58201 /* Localizable.xcstrings in Resources */ = {isa = PBXBuildFile; fileRef = 84ED81842C4F718100F58201 /* Localizable.xcstrings */; };
		84EF0D0B2C2B93DC0029A653 /* UMButtonStroke.swift in Sources */ = {isa = PBXBuildFile; fileRef = 84EF0D0A2C2B93DC0029A653 /* UMButtonStroke.swift */; };
		84EF0D0D2C2B96210029A653 /* NewUmbrellaView.swift in Sources */ = {isa = PBXBuildFile; fileRef = 84EF0D0C2C2B96210029A653 /* NewUmbrellaView.swift */; };
		84EF0D0F2C2B965D0029A653 /* NewUmbrellaViewViewModel.swift in Sources */ = {isa = PBXBuildFile; fileRef = 84EF0D0E2C2B965D0029A653 /* NewUmbrellaViewViewModel.swift */; };
		84EF0D112C2B9CE80029A653 /* group.swift in Sources */ = {isa = PBXBuildFile; fileRef = 84EF0D102C2B9CE80029A653 /* group.swift */; };
		84F176102C535C1900BE5503 /* UmbrellaView.swift in Sources */ = {isa = PBXBuildFile; fileRef = 84F1760F2C535C1900BE5503 /* UmbrellaView.swift */; };
		84FABB842C2F30FF00173E4D /* EditProfileView.swift in Sources */ = {isa = PBXBuildFile; fileRef = 84FABB832C2F30FF00173E4D /* EditProfileView.swift */; };
		84FABB862C2F312A00173E4D /* EditProfileViewViewModel.swift in Sources */ = {isa = PBXBuildFile; fileRef = 84FABB852C2F312A00173E4D /* EditProfileViewViewModel.swift */; };
		84FABB882C2F323100173E4D /* UmbrellaListView.swift in Sources */ = {isa = PBXBuildFile; fileRef = 84FABB872C2F323100173E4D /* UmbrellaListView.swift */; };
		84FABB8C2C2F332200173E4D /* UmbrellaListViewViewModel.swift in Sources */ = {isa = PBXBuildFile; fileRef = 84FABB8B2C2F332200173E4D /* UmbrellaListViewViewModel.swift */; };
/* End PBXBuildFile section */

/* Begin PBXFileReference section */
		2DA960E82C6ECCDB00688E6F /* UmbrellaViewViewModel.swift */ = {isa = PBXFileReference; lastKnownFileType = sourcecode.swift; path = UmbrellaViewViewModel.swift; sourceTree = "<group>"; };
		2DCC31472C67CA550031A173 /* EmergencyPlanUsersView.swift */ = {isa = PBXFileReference; lastKnownFileType = sourcecode.swift; path = EmergencyPlanUsersView.swift; sourceTree = "<group>"; };
		2DCC31492C67D3980031A173 /* AddUsersToPlanSheet.swift */ = {isa = PBXFileReference; lastKnownFileType = sourcecode.swift; path = AddUsersToPlanSheet.swift; sourceTree = "<group>"; };
		2DCC314B2C68308B0031A173 /* EmergencyPlanView.swift */ = {isa = PBXFileReference; lastKnownFileType = sourcecode.swift; path = EmergencyPlanView.swift; sourceTree = "<group>"; };
		2DCC314D2C686C9A0031A173 /* FloodDetectedView.swift */ = {isa = PBXFileReference; lastKnownFileType = sourcecode.swift; path = FloodDetectedView.swift; sourceTree = "<group>"; };
		2DCC314F2C6AA9440031A173 /* TransitionTest.swift */ = {isa = PBXFileReference; lastKnownFileType = sourcecode.swift; path = TransitionTest.swift; sourceTree = "<group>"; };
		2DE745CC2C6E9BAC00035D1A /* EmergencyPlanViewViewModel.swift */ = {isa = PBXFileReference; lastKnownFileType = sourcecode.swift; path = EmergencyPlanViewViewModel.swift; sourceTree = "<group>"; };
		2DF32F5C2C67C047002C7ECF /* EmergencyPlanFirebaseManager.swift */ = {isa = PBXFileReference; fileEncoding = 4; lastKnownFileType = sourcecode.swift; path = EmergencyPlanFirebaseManager.swift; sourceTree = "<group>"; };
		2DF32F5E2C67C161002C7ECF /* EmergencyPlanModel.swift */ = {isa = PBXFileReference; fileEncoding = 4; lastKnownFileType = sourcecode.swift; path = EmergencyPlanModel.swift; sourceTree = "<group>"; };
		8409CEC42C64342D002EEBDC /* SpecialNeedsEvacuationPlanView.swift */ = {isa = PBXFileReference; lastKnownFileType = sourcecode.swift; path = SpecialNeedsEvacuationPlanView.swift; sourceTree = "<group>"; };
		8409CEC62C643C7B002EEBDC /* ChildEvacuationPlanView.swift */ = {isa = PBXFileReference; lastKnownFileType = sourcecode.swift; path = ChildEvacuationPlanView.swift; sourceTree = "<group>"; };
		840C96D92C3FA1A000EFAFA7 /* ConversationViewViewModel.swift */ = {isa = PBXFileReference; lastKnownFileType = sourcecode.swift; path = ConversationViewViewModel.swift; sourceTree = "<group>"; };
		840F28EC2C425C36001F02FF /* HairSelection.swift */ = {isa = PBXFileReference; lastKnownFileType = sourcecode.swift; path = HairSelection.swift; sourceTree = "<group>"; };
		840F28EE2C4320BA001F02FF /* ShirtSelection.swift */ = {isa = PBXFileReference; lastKnownFileType = sourcecode.swift; path = ShirtSelection.swift; sourceTree = "<group>"; };
		840F28F02C4326EC001F02FF /* AccessoriesSelection.swift */ = {isa = PBXFileReference; lastKnownFileType = sourcecode.swift; path = AccessoriesSelection.swift; sourceTree = "<group>"; };
		840F28F22C4356F3001F02FF /* LearnTileStroke.swift */ = {isa = PBXFileReference; lastKnownFileType = sourcecode.swift; path = LearnTileStroke.swift; sourceTree = "<group>"; };
		841B7BDD2C33545000BC5787 /* UserListView.swift */ = {isa = PBXFileReference; lastKnownFileType = sourcecode.swift; path = UserListView.swift; sourceTree = "<group>"; };
		841B7BDF2C335D5900BC5787 /* UserListViewViewModel.swift */ = {isa = PBXFileReference; lastKnownFileType = sourcecode.swift; path = UserListViewViewModel.swift; sourceTree = "<group>"; };
		84309F272C4211E100E60040 /* ProfilePictureView.swift */ = {isa = PBXFileReference; lastKnownFileType = sourcecode.swift; path = ProfilePictureView.swift; sourceTree = "<group>"; };
		8433B8A02C4811AE002AEF51 /* Call911Button.swift */ = {isa = PBXFileReference; lastKnownFileType = sourcecode.swift; path = Call911Button.swift; sourceTree = "<group>"; };
		8438F31A2C2E22BF00F0EB3E /* GoogleService-Info.plist */ = {isa = PBXFileReference; fileEncoding = 4; lastKnownFileType = text.plist.xml; path = "GoogleService-Info.plist"; sourceTree = "<group>"; };
		843A1A152C27C51100F305C1 /* Nunito-Black.ttf */ = {isa = PBXFileReference; lastKnownFileType = file; path = "Nunito-Black.ttf"; sourceTree = "<group>"; };
		843A1A162C27C51100F305C1 /* Nunito-BlackItalic.ttf */ = {isa = PBXFileReference; lastKnownFileType = file; path = "Nunito-BlackItalic.ttf"; sourceTree = "<group>"; };
		843A1A172C27C51100F305C1 /* Nunito-Bold.ttf */ = {isa = PBXFileReference; lastKnownFileType = file; path = "Nunito-Bold.ttf"; sourceTree = "<group>"; };
		843A1A182C27C51100F305C1 /* Nunito-BoldItalic.ttf */ = {isa = PBXFileReference; lastKnownFileType = file; path = "Nunito-BoldItalic.ttf"; sourceTree = "<group>"; };
		843A1A192C27C51100F305C1 /* Nunito-ExtraBold.ttf */ = {isa = PBXFileReference; lastKnownFileType = file; path = "Nunito-ExtraBold.ttf"; sourceTree = "<group>"; };
		843A1A1A2C27C51100F305C1 /* Nunito-ExtraBoldItalic.ttf */ = {isa = PBXFileReference; lastKnownFileType = file; path = "Nunito-ExtraBoldItalic.ttf"; sourceTree = "<group>"; };
		843A1A1B2C27C51100F305C1 /* Nunito-ExtraLight.ttf */ = {isa = PBXFileReference; lastKnownFileType = file; path = "Nunito-ExtraLight.ttf"; sourceTree = "<group>"; };
		843A1A1C2C27C51100F305C1 /* Nunito-ExtraLightItalic.ttf */ = {isa = PBXFileReference; lastKnownFileType = file; path = "Nunito-ExtraLightItalic.ttf"; sourceTree = "<group>"; };
		843A1A1D2C27C51100F305C1 /* Nunito-Italic.ttf */ = {isa = PBXFileReference; lastKnownFileType = file; path = "Nunito-Italic.ttf"; sourceTree = "<group>"; };
		843A1A1E2C27C51100F305C1 /* Nunito-Light.ttf */ = {isa = PBXFileReference; lastKnownFileType = file; path = "Nunito-Light.ttf"; sourceTree = "<group>"; };
		843A1A1F2C27C51100F305C1 /* Nunito-LightItalic.ttf */ = {isa = PBXFileReference; lastKnownFileType = file; path = "Nunito-LightItalic.ttf"; sourceTree = "<group>"; };
		843A1A202C27C51100F305C1 /* Nunito-Medium.ttf */ = {isa = PBXFileReference; lastKnownFileType = file; path = "Nunito-Medium.ttf"; sourceTree = "<group>"; };
		843A1A212C27C51100F305C1 /* Nunito-MediumItalic.ttf */ = {isa = PBXFileReference; lastKnownFileType = file; path = "Nunito-MediumItalic.ttf"; sourceTree = "<group>"; };
		843A1A222C27C51100F305C1 /* Nunito-Regular.ttf */ = {isa = PBXFileReference; lastKnownFileType = file; path = "Nunito-Regular.ttf"; sourceTree = "<group>"; };
		843A1A232C27C51100F305C1 /* Nunito-SemiBold.ttf */ = {isa = PBXFileReference; lastKnownFileType = file; path = "Nunito-SemiBold.ttf"; sourceTree = "<group>"; };
		843A1A242C27C51100F305C1 /* Nunito-SemiBoldItalic.ttf */ = {isa = PBXFileReference; lastKnownFileType = file; path = "Nunito-SemiBoldItalic.ttf"; sourceTree = "<group>"; };
		843A1A262C27C51100F305C1 /* Nunito-Italic-VariableFont_wght.ttf */ = {isa = PBXFileReference; lastKnownFileType = file; path = "Nunito-Italic-VariableFont_wght.ttf"; sourceTree = "<group>"; };
		843A1A272C27C51100F305C1 /* Nunito-VariableFont_wght.ttf */ = {isa = PBXFileReference; lastKnownFileType = file; path = "Nunito-VariableFont_wght.ttf"; sourceTree = "<group>"; };
		843A1A282C27C51100F305C1 /* OFL.txt */ = {isa = PBXFileReference; fileEncoding = 4; lastKnownFileType = text; path = OFL.txt; sourceTree = "<group>"; };
		843A1A292C27C51100F305C1 /* README.txt */ = {isa = PBXFileReference; fileEncoding = 4; lastKnownFileType = text; path = README.txt; sourceTree = "<group>"; };
		843A1A3F2C27C6F000F305C1 /* Info.plist */ = {isa = PBXFileReference; lastKnownFileType = text.plist; path = Info.plist; sourceTree = "<group>"; };
		84445D882C3641EC00A5EB6C /* LearnTile.swift */ = {isa = PBXFileReference; lastKnownFileType = sourcecode.swift; path = LearnTile.swift; sourceTree = "<group>"; };
		84445D8A2C3644A600A5EB6C /* MessagingListItem.swift */ = {isa = PBXFileReference; lastKnownFileType = sourcecode.swift; path = MessagingListItem.swift; sourceTree = "<group>"; };
		84445D8E2C36678C00A5EB6C /* MessagingListItemViewModel.swift */ = {isa = PBXFileReference; lastKnownFileType = sourcecode.swift; path = MessagingListItemViewModel.swift; sourceTree = "<group>"; };
		844A80D12C2A9EE4002A2D14 /* MapView.swift */ = {isa = PBXFileReference; lastKnownFileType = sourcecode.swift; path = MapView.swift; sourceTree = "<group>"; };
		844A80D32C2A9EEF002A2D14 /* MapViewViewModel.swift */ = {isa = PBXFileReference; lastKnownFileType = sourcecode.swift; path = MapViewViewModel.swift; sourceTree = "<group>"; };
		844A80D52C2A9F09002A2D14 /* MessagingView.swift */ = {isa = PBXFileReference; lastKnownFileType = sourcecode.swift; path = MessagingView.swift; sourceTree = "<group>"; };
		844A80D72C2A9F11002A2D14 /* MessagingViewViewModel.swift */ = {isa = PBXFileReference; lastKnownFileType = sourcecode.swift; path = MessagingViewViewModel.swift; sourceTree = "<group>"; };
		844A80D92C2A9F17002A2D14 /* LearnView.swift */ = {isa = PBXFileReference; lastKnownFileType = sourcecode.swift; path = LearnView.swift; sourceTree = "<group>"; };
		844A80DB2C2A9F20002A2D14 /* LearnViewViewModel.swift */ = {isa = PBXFileReference; lastKnownFileType = sourcecode.swift; path = LearnViewViewModel.swift; sourceTree = "<group>"; };
		844A80DD2C2A9F2B002A2D14 /* ProfileView.swift */ = {isa = PBXFileReference; lastKnownFileType = sourcecode.swift; path = ProfileView.swift; sourceTree = "<group>"; };
		844A80DF2C2A9F34002A2D14 /* ProfileViewViewModel.swift */ = {isa = PBXFileReference; lastKnownFileType = sourcecode.swift; path = ProfileViewViewModel.swift; sourceTree = "<group>"; };
		844A80E12C2AA3EE002A2D14 /* LoginView.swift */ = {isa = PBXFileReference; lastKnownFileType = sourcecode.swift; path = LoginView.swift; sourceTree = "<group>"; };
		844A80E32C2AA3F8002A2D14 /* LoginViewViewModel.swift */ = {isa = PBXFileReference; lastKnownFileType = sourcecode.swift; path = LoginViewViewModel.swift; sourceTree = "<group>"; };
		844E4E702C4A3265007A22BA /* SingleNotificationView.swift */ = {isa = PBXFileReference; lastKnownFileType = sourcecode.swift; path = SingleNotificationView.swift; sourceTree = "<group>"; };
		845BAF0E2C276CD30054AAAA /* StartView.swift */ = {isa = PBXFileReference; lastKnownFileType = sourcecode.swift; path = StartView.swift; sourceTree = "<group>"; };
		845BAF122C276CF00054AAAA /* RegisterFirstView.swift */ = {isa = PBXFileReference; lastKnownFileType = sourcecode.swift; path = RegisterFirstView.swift; sourceTree = "<group>"; };
		845BAF142C276CFA0054AAAA /* KidRegisterView.swift */ = {isa = PBXFileReference; lastKnownFileType = sourcecode.swift; path = KidRegisterView.swift; sourceTree = "<group>"; };
		845BAF162C276D0D0054AAAA /* StartViewViewModel.swift */ = {isa = PBXFileReference; lastKnownFileType = sourcecode.swift; path = StartViewViewModel.swift; sourceTree = "<group>"; };
		845BAF182C276D150054AAAA /* RegisterFirstViewViewModel.swift */ = {isa = PBXFileReference; lastKnownFileType = sourcecode.swift; path = RegisterFirstViewViewModel.swift; sourceTree = "<group>"; };
		845BAF1A2C276D200054AAAA /* KidRegisterViewViewModel.swift */ = {isa = PBXFileReference; lastKnownFileType = sourcecode.swift; path = KidRegisterViewViewModel.swift; sourceTree = "<group>"; };
		845BAF1C2C276D780054AAAA /* AdultRegisterView.swift */ = {isa = PBXFileReference; lastKnownFileType = sourcecode.swift; path = AdultRegisterView.swift; sourceTree = "<group>"; };
		845BAF1E2C276D880054AAAA /* AdultRegisterViewViewModel.swift */ = {isa = PBXFileReference; lastKnownFileType = sourcecode.swift; path = AdultRegisterViewViewModel.swift; sourceTree = "<group>"; };
		845BAF202C2775580054AAAA /* MainView.swift */ = {isa = PBXFileReference; lastKnownFileType = sourcecode.swift; path = MainView.swift; sourceTree = "<group>"; };
		845BAF222C2775630054AAAA /* MainViewViewModel.swift */ = {isa = PBXFileReference; lastKnownFileType = sourcecode.swift; path = MainViewViewModel.swift; sourceTree = "<group>"; };
		845BAF242C2776D90054AAAA /* Extensions.swift */ = {isa = PBXFileReference; lastKnownFileType = sourcecode.swift; path = Extensions.swift; sourceTree = "<group>"; };
		845BAF262C277BCC0054AAAA /* UMButton.swift */ = {isa = PBXFileReference; lastKnownFileType = sourcecode.swift; path = UMButton.swift; sourceTree = "<group>"; };
		845F099D2C2766DF00070E19 /* UmbrellaFloodSafety.app */ = {isa = PBXFileReference; explicitFileType = wrapper.application; includeInIndex = 0; path = UmbrellaFloodSafety.app; sourceTree = BUILT_PRODUCTS_DIR; };
		845F09A02C2766DF00070E19 /* UmbrellaFloodSafetyApp.swift */ = {isa = PBXFileReference; lastKnownFileType = sourcecode.swift; path = UmbrellaFloodSafetyApp.swift; sourceTree = "<group>"; };
		845F09A42C2766E100070E19 /* Assets.xcassets */ = {isa = PBXFileReference; lastKnownFileType = folder.assetcatalog; path = Assets.xcassets; sourceTree = "<group>"; };
		845F09A72C2766E100070E19 /* Preview Assets.xcassets */ = {isa = PBXFileReference; lastKnownFileType = folder.assetcatalog; path = "Preview Assets.xcassets"; sourceTree = "<group>"; };
		845F09BC2C2768CA00070E19 /* User.swift */ = {isa = PBXFileReference; lastKnownFileType = sourcecode.swift; path = User.swift; sourceTree = "<group>"; };
		846E49042C3CD3E80019C68A /* conversation.swift */ = {isa = PBXFileReference; lastKnownFileType = sourcecode.swift; path = conversation.swift; sourceTree = "<group>"; };
		846E49082C3CE85E0019C68A /* ConversationView.swift */ = {isa = PBXFileReference; lastKnownFileType = sourcecode.swift; path = ConversationView.swift; sourceTree = "<group>"; };
		846E490A2C3CEEF40019C68A /* TextMessageView.swift */ = {isa = PBXFileReference; lastKnownFileType = sourcecode.swift; path = TextMessageView.swift; sourceTree = "<group>"; };
		846F3C242C2BD7D300DACB0C /* WeatherManager.swift */ = {isa = PBXFileReference; lastKnownFileType = sourcecode.swift; path = WeatherManager.swift; sourceTree = "<group>"; };
		8475EA632C35AF5C00321D9D /* FirebaseManager.swift */ = {isa = PBXFileReference; lastKnownFileType = sourcecode.swift; path = FirebaseManager.swift; sourceTree = "<group>"; };
		8481D5952C53059F00A4AB05 /* ColorExplanation.swift */ = {isa = PBXFileReference; lastKnownFileType = sourcecode.swift; path = ColorExplanation.swift; sourceTree = "<group>"; };
		848B3B1F2C4A353200B962FD /* Notification.swift */ = {isa = PBXFileReference; lastKnownFileType = sourcecode.swift; path = Notification.swift; sourceTree = "<group>"; };
		848B3B222C4A35C800B962FD /* NotificationViewViewModel.swift */ = {isa = PBXFileReference; lastKnownFileType = sourcecode.swift; path = NotificationViewViewModel.swift; sourceTree = "<group>"; };
		8491A1592C3B5B1A004AE55C /* groupSelection.swift */ = {isa = PBXFileReference; lastKnownFileType = sourcecode.swift; path = groupSelection.swift; sourceTree = "<group>"; };
		84923A922C2F7DF6004EAECC /* MapViewSheet.swift */ = {isa = PBXFileReference; lastKnownFileType = sourcecode.swift; path = MapViewSheet.swift; sourceTree = "<group>"; };
		84923A942C2F806B004EAECC /* ProfileWMarker.swift */ = {isa = PBXFileReference; lastKnownFileType = sourcecode.swift; path = ProfileWMarker.swift; sourceTree = "<group>"; };
		84923A962C2F82BF004EAECC /* WarningColorManager.swift */ = {isa = PBXFileReference; lastKnownFileType = sourcecode.swift; path = WarningColorManager.swift; sourceTree = "<group>"; };
		84923AB02C3264A7004EAECC /* JoinAnUmbrella.swift */ = {isa = PBXFileReference; lastKnownFileType = sourcecode.swift; path = JoinAnUmbrella.swift; sourceTree = "<group>"; };
		84923AB42C326A7D004EAECC /* OtpModifier.swift */ = {isa = PBXFileReference; lastKnownFileType = sourcecode.swift; path = OtpModifier.swift; sourceTree = "<group>"; };
		8494D56B2C5EC1860059B723 /* EmergencyPlans.swift */ = {isa = PBXFileReference; lastKnownFileType = sourcecode.swift; path = EmergencyPlans.swift; sourceTree = "<group>"; };
		8494D56D2C5EC3C30059B723 /* MakeEmergencyPlan.swift */ = {isa = PBXFileReference; lastKnownFileType = sourcecode.swift; path = MakeEmergencyPlan.swift; sourceTree = "<group>"; };
		8494D56F2C631AAE0059B723 /* MakeEmergencyPlanViewModel.swift */ = {isa = PBXFileReference; lastKnownFileType = sourcecode.swift; path = MakeEmergencyPlanViewModel.swift; sourceTree = "<group>"; };
		8494D5712C631AF60059B723 /* EmergencyContact.swift */ = {isa = PBXFileReference; lastKnownFileType = sourcecode.swift; path = EmergencyContact.swift; sourceTree = "<group>"; };
		84969DCD2C63224F00719A6C /* PetEmergencyInfo.swift */ = {isa = PBXFileReference; lastKnownFileType = sourcecode.swift; path = PetEmergencyInfo.swift; sourceTree = "<group>"; };
		84969DCF2C6323F200719A6C /* childEvacuationPlan.swift */ = {isa = PBXFileReference; lastKnownFileType = sourcecode.swift; path = childEvacuationPlan.swift; sourceTree = "<group>"; };
		84969DD12C6324AD00719A6C /* SpecialNeedsEvacuationPlan.swift */ = {isa = PBXFileReference; lastKnownFileType = sourcecode.swift; path = SpecialNeedsEvacuationPlan.swift; sourceTree = "<group>"; };
		84969DD32C63256800719A6C /* FamilyResponsibilities.swift */ = {isa = PBXFileReference; lastKnownFileType = sourcecode.swift; path = FamilyResponsibilities.swift; sourceTree = "<group>"; };
		84969DD72C63295900719A6C /* CreateEmergencyContact.swift */ = {isa = PBXFileReference; lastKnownFileType = sourcecode.swift; path = CreateEmergencyContact.swift; sourceTree = "<group>"; };
		84969DD92C6333E500719A6C /* EmergencyContactListView.swift */ = {isa = PBXFileReference; lastKnownFileType = sourcecode.swift; path = EmergencyContactListView.swift; sourceTree = "<group>"; };
		84969DDB2C64277F00719A6C /* PetInfoListView.swift */ = {isa = PBXFileReference; lastKnownFileType = sourcecode.swift; path = PetInfoListView.swift; sourceTree = "<group>"; };
		84969DDD2C6428C300719A6C /* CreatePetEmergencyInfo.swift */ = {isa = PBXFileReference; lastKnownFileType = sourcecode.swift; path = CreatePetEmergencyInfo.swift; sourceTree = "<group>"; };
		849876C82C4CB63500C57B52 /* TabController.swift */ = {isa = PBXFileReference; lastKnownFileType = sourcecode.swift; path = TabController.swift; sourceTree = "<group>"; };
		849876D42C4DD5B600C57B52 /* UserView.swift */ = {isa = PBXFileReference; lastKnownFileType = sourcecode.swift; path = UserView.swift; sourceTree = "<group>"; };
		849876D62C4F204200C57B52 /* UserViewViewModel.swift */ = {isa = PBXFileReference; lastKnownFileType = sourcecode.swift; path = UserViewViewModel.swift; sourceTree = "<group>"; };
		849876D82C4F2A8000C57B52 /* Report.swift */ = {isa = PBXFileReference; lastKnownFileType = sourcecode.swift; path = Report.swift; sourceTree = "<group>"; };
		849876DA2C4F30CF00C57B52 /* ReportView.swift */ = {isa = PBXFileReference; lastKnownFileType = sourcecode.swift; path = ReportView.swift; sourceTree = "<group>"; };
		84B297E32C3B9AF3008E5F00 /* MapMarker.swift */ = {isa = PBXFileReference; lastKnownFileType = sourcecode.swift; path = MapMarker.swift; sourceTree = "<group>"; };
		84BEC9E42C48B8DB00119CCF /* FloodSafetyResources.swift */ = {isa = PBXFileReference; lastKnownFileType = sourcecode.swift; path = FloodSafetyResources.swift; sourceTree = "<group>"; };
		84C2FF7F2C48AB0600E87224 /* NotificationView.swift */ = {isa = PBXFileReference; lastKnownFileType = sourcecode.swift; path = NotificationView.swift; sourceTree = "<group>"; };
		84C2FF812C48AB3200E87224 /* KidsEmergencyGuide.swift */ = {isa = PBXFileReference; lastKnownFileType = sourcecode.swift; path = KidsEmergencyGuide.swift; sourceTree = "<group>"; };
		84C2FF832C48AB3800E87224 /* AdultEmergencyGuide.swift */ = {isa = PBXFileReference; lastKnownFileType = sourcecode.swift; path = AdultEmergencyGuide.swift; sourceTree = "<group>"; };
		84C711292C2CCEE1000820C3 /* UmbrellaFloodSafety.entitlements */ = {isa = PBXFileReference; lastKnownFileType = text.plist.entitlements; path = UmbrellaFloodSafety.entitlements; sourceTree = "<group>"; };
		84D814B72C40D2C00099B020 /* suggestionView.swift */ = {isa = PBXFileReference; lastKnownFileType = sourcecode.swift; path = suggestionView.swift; sourceTree = "<group>"; };
		84D814BB2C40D2F10099B020 /* CreateAvatar.swift */ = {isa = PBXFileReference; lastKnownFileType = sourcecode.swift; path = CreateAvatar.swift; sourceTree = "<group>"; };
		84D814BD2C40FC200099B020 /* OpenAIAPI.swift */ = {isa = PBXFileReference; lastKnownFileType = sourcecode.swift; path = OpenAIAPI.swift; sourceTree = "<group>"; };
		84ED76BD2C4242FA00F47875 /* SkinAvatarSelection.swift */ = {isa = PBXFileReference; lastKnownFileType = sourcecode.swift; path = SkinAvatarSelection.swift; sourceTree = "<group>"; };
		84ED76BF2C424B1A00F47875 /* CreateAvatarViewViewModel.swift */ = {isa = PBXFileReference; lastKnownFileType = sourcecode.swift; path = CreateAvatarViewViewModel.swift; sourceTree = "<group>"; };
		84ED817E2C4F5D2D00F58201 /* Settings.swift */ = {isa = PBXFileReference; lastKnownFileType = sourcecode.swift; path = Settings.swift; sourceTree = "<group>"; };
		84ED81802C4F61D900F58201 /* SettingsViewModel.swift */ = {isa = PBXFileReference; lastKnownFileType = sourcecode.swift; path = SettingsViewModel.swift; sourceTree = "<group>"; };
		84ED81822C4F6A9F00F58201 /* UnblockUsers.swift */ = {isa = PBXFileReference; lastKnownFileType = sourcecode.swift; path = UnblockUsers.swift; sourceTree = "<group>"; };
		84ED81842C4F718100F58201 /* Localizable.xcstrings */ = {isa = PBXFileReference; lastKnownFileType = text.json.xcstrings; path = Localizable.xcstrings; sourceTree = "<group>"; };
		84EF0D0A2C2B93DC0029A653 /* UMButtonStroke.swift */ = {isa = PBXFileReference; lastKnownFileType = sourcecode.swift; path = UMButtonStroke.swift; sourceTree = "<group>"; };
		84EF0D0C2C2B96210029A653 /* NewUmbrellaView.swift */ = {isa = PBXFileReference; lastKnownFileType = sourcecode.swift; path = NewUmbrellaView.swift; sourceTree = "<group>"; };
		84EF0D0E2C2B965D0029A653 /* NewUmbrellaViewViewModel.swift */ = {isa = PBXFileReference; lastKnownFileType = sourcecode.swift; path = NewUmbrellaViewViewModel.swift; sourceTree = "<group>"; };
		84EF0D102C2B9CE80029A653 /* group.swift */ = {isa = PBXFileReference; lastKnownFileType = sourcecode.swift; path = group.swift; sourceTree = "<group>"; };
		84F1760F2C535C1900BE5503 /* UmbrellaView.swift */ = {isa = PBXFileReference; lastKnownFileType = sourcecode.swift; path = UmbrellaView.swift; sourceTree = "<group>"; };
		84FABB832C2F30FF00173E4D /* EditProfileView.swift */ = {isa = PBXFileReference; lastKnownFileType = sourcecode.swift; path = EditProfileView.swift; sourceTree = "<group>"; };
		84FABB852C2F312A00173E4D /* EditProfileViewViewModel.swift */ = {isa = PBXFileReference; lastKnownFileType = sourcecode.swift; path = EditProfileViewViewModel.swift; sourceTree = "<group>"; };
		84FABB872C2F323100173E4D /* UmbrellaListView.swift */ = {isa = PBXFileReference; lastKnownFileType = sourcecode.swift; path = UmbrellaListView.swift; sourceTree = "<group>"; };
		84FABB8B2C2F332200173E4D /* UmbrellaListViewViewModel.swift */ = {isa = PBXFileReference; lastKnownFileType = sourcecode.swift; path = UmbrellaListViewViewModel.swift; sourceTree = "<group>"; };
/* End PBXFileReference section */

/* Begin PBXFrameworksBuildPhase section */
		845F099A2C2766DF00070E19 /* Frameworks */ = {
			isa = PBXFrameworksBuildPhase;
			buildActionMask = 2147483647;
			files = (
				845F09B22C27680B00070E19 /* FirebaseAnalytics in Frameworks */,
				84271DDB2C56093900CF8B91 /* FirebaseFunctions in Frameworks */,
				84A742062C3702E4004858D8 /* BottomSheet in Frameworks */,
				845F09B42C27680B00070E19 /* FirebaseAuth in Frameworks */,
				845F09B62C27680B00070E19 /* FirebaseFirestore in Frameworks */,
				84923A9E2C311BEA004EAECC /* FirebaseStorage in Frameworks */,
				845F09B82C27680B00070E19 /* FirebaseFirestoreSwift in Frameworks */,
			);
			runOnlyForDeploymentPostprocessing = 0;
		};
/* End PBXFrameworksBuildPhase section */

/* Begin PBXGroup section */
		843A1A252C27C51100F305C1 /* static */ = {
			isa = PBXGroup;
			children = (
				843A1A152C27C51100F305C1 /* Nunito-Black.ttf */,
				843A1A162C27C51100F305C1 /* Nunito-BlackItalic.ttf */,
				843A1A172C27C51100F305C1 /* Nunito-Bold.ttf */,
				843A1A182C27C51100F305C1 /* Nunito-BoldItalic.ttf */,
				843A1A192C27C51100F305C1 /* Nunito-ExtraBold.ttf */,
				843A1A1A2C27C51100F305C1 /* Nunito-ExtraBoldItalic.ttf */,
				843A1A1B2C27C51100F305C1 /* Nunito-ExtraLight.ttf */,
				843A1A1C2C27C51100F305C1 /* Nunito-ExtraLightItalic.ttf */,
				843A1A1D2C27C51100F305C1 /* Nunito-Italic.ttf */,
				843A1A1E2C27C51100F305C1 /* Nunito-Light.ttf */,
				843A1A1F2C27C51100F305C1 /* Nunito-LightItalic.ttf */,
				843A1A202C27C51100F305C1 /* Nunito-Medium.ttf */,
				843A1A212C27C51100F305C1 /* Nunito-MediumItalic.ttf */,
				843A1A222C27C51100F305C1 /* Nunito-Regular.ttf */,
				843A1A232C27C51100F305C1 /* Nunito-SemiBold.ttf */,
				843A1A242C27C51100F305C1 /* Nunito-SemiBoldItalic.ttf */,
			);
			path = static;
			sourceTree = "<group>";
		};
		843A1A2A2C27C51100F305C1 /* Nunito */ = {
			isa = PBXGroup;
			children = (
				843A1A252C27C51100F305C1 /* static */,
				843A1A262C27C51100F305C1 /* Nunito-Italic-VariableFont_wght.ttf */,
				843A1A272C27C51100F305C1 /* Nunito-VariableFont_wght.ttf */,
				843A1A282C27C51100F305C1 /* OFL.txt */,
				843A1A292C27C51100F305C1 /* README.txt */,
			);
			path = Nunito;
			sourceTree = "<group>";
		};
		844E4E6F2C4A3244007A22BA /* Notifications */ = {
			isa = PBXGroup;
			children = (
				84C2FF7F2C48AB0600E87224 /* NotificationView.swift */,
				844E4E702C4A3265007A22BA /* SingleNotificationView.swift */,
			);
			path = Notifications;
			sourceTree = "<group>";
		};
		845F09942C2766DF00070E19 = {
			isa = PBXGroup;
			children = (
				84ED81842C4F718100F58201 /* Localizable.xcstrings */,
				845F099F2C2766DF00070E19 /* UmbrellaFloodSafety */,
				845F099E2C2766DF00070E19 /* Products */,
				84923A9C2C311BEA004EAECC /* Frameworks */,
			);
			sourceTree = "<group>";
		};
		845F099E2C2766DF00070E19 /* Products */ = {
			isa = PBXGroup;
			children = (
				845F099D2C2766DF00070E19 /* UmbrellaFloodSafety.app */,
			);
			name = Products;
			sourceTree = "<group>";
		};
		845F099F2C2766DF00070E19 /* UmbrellaFloodSafety */ = {
			isa = PBXGroup;
			children = (
				84C711292C2CCEE1000820C3 /* UmbrellaFloodSafety.entitlements */,
				846F3C242C2BD7D300DACB0C /* WeatherManager.swift */,
				843A1A3F2C27C6F000F305C1 /* Info.plist */,
				8438F31A2C2E22BF00F0EB3E /* GoogleService-Info.plist */,
				843A1A2A2C27C51100F305C1 /* Nunito */,
				845F09A02C2766DF00070E19 /* UmbrellaFloodSafetyApp.swift */,
				845BAF242C2776D90054AAAA /* Extensions.swift */,
				84D814BD2C40FC200099B020 /* OpenAIAPI.swift */,
				845F09A42C2766E100070E19 /* Assets.xcassets */,
				845F09BB2C27688900070E19 /* Views */,
				845F09B92C27687900070E19 /* Models */,
				845F09BA2C27688100070E19 /* ViewModels */,
				845F09A62C2766E100070E19 /* Preview Content */,
			);
			path = UmbrellaFloodSafety;
			sourceTree = "<group>";
		};
		845F09A62C2766E100070E19 /* Preview Content */ = {
			isa = PBXGroup;
			children = (
				845F09A72C2766E100070E19 /* Preview Assets.xcassets */,
			);
			path = "Preview Content";
			sourceTree = "<group>";
		};
		845F09B92C27687900070E19 /* Models */ = {
			isa = PBXGroup;
			children = (
				845F09BC2C2768CA00070E19 /* User.swift */,
				84923A942C2F806B004EAECC /* ProfileWMarker.swift */,
				84923A962C2F82BF004EAECC /* WarningColorManager.swift */,
				84EF0D102C2B9CE80029A653 /* group.swift */,
				846E49042C3CD3E80019C68A /* conversation.swift */,
				845BAF262C277BCC0054AAAA /* UMButton.swift */,
				84D814B72C40D2C00099B020 /* suggestionView.swift */,
				84EF0D0A2C2B93DC0029A653 /* UMButtonStroke.swift */,
				8475EA632C35AF5C00321D9D /* FirebaseManager.swift */,
				2DF32F5C2C67C047002C7ECF /* EmergencyPlanFirebaseManager.swift */,
				2DF32F5E2C67C161002C7ECF /* EmergencyPlanModel.swift */,
				840F28F22C4356F3001F02FF /* LearnTileStroke.swift */,
				84445D882C3641EC00A5EB6C /* LearnTile.swift */,
				84B297E32C3B9AF3008E5F00 /* MapMarker.swift */,
				84309F272C4211E100E60040 /* ProfilePictureView.swift */,
				8433B8A02C4811AE002AEF51 /* Call911Button.swift */,
				848B3B1F2C4A353200B962FD /* Notification.swift */,
				849876D82C4F2A8000C57B52 /* Report.swift */,
				8494D5712C631AF60059B723 /* EmergencyContact.swift */,
				84969DCD2C63224F00719A6C /* PetEmergencyInfo.swift */,
				84969DCF2C6323F200719A6C /* childEvacuationPlan.swift */,
				84969DD12C6324AD00719A6C /* SpecialNeedsEvacuationPlan.swift */,
				84969DD32C63256800719A6C /* FamilyResponsibilities.swift */,
			);
			path = Models;
			sourceTree = "<group>";
		};
		845F09BA2C27688100070E19 /* ViewModels */ = {
			isa = PBXGroup;
			children = (
				848B3B212C4A35BA00B962FD /* Notifications */,
				845BAF222C2775630054AAAA /* MainViewViewModel.swift */,
				84923AA62C32634E004EAECC /* Auth */,
				84923AAC2C3263C9004EAECC /* Map */,
				84923AAD2C3263D1004EAECC /* Messaging */,
				84923AAF2C326401004EAECC /* Learn */,
				84923AAE2C3263E0004EAECC /* ProfileUmbrellas */,
			);
			path = ViewModels;
			sourceTree = "<group>";
		};
		845F09BB2C27688900070E19 /* Views */ = {
			isa = PBXGroup;
			children = (
				845BAF202C2775580054AAAA /* MainView.swift */,
				84923AA52C32631F004EAECC /* Auth */,
				84923AA82C32638C004EAECC /* Map */,
				84923AA92C326395004EAECC /* Messaging */,
				84923AAA2C3263A2004EAECC /* Learn */,
				84923AAB2C3263AD004EAECC /* ProfileUmbrellasView */,
				84BEC9E42C48B8DB00119CCF /* FloodSafetyResources.swift */,
				844E4E6F2C4A3244007A22BA /* Notifications */,
				849876C82C4CB63500C57B52 /* TabController.swift */,
				2DCC314F2C6AA9440031A173 /* TransitionTest.swift */,
				2DCC314D2C686C9A0031A173 /* FloodDetectedView.swift */,
			);
			path = Views;
			sourceTree = "<group>";
		};
		848B3B212C4A35BA00B962FD /* Notifications */ = {
			isa = PBXGroup;
			children = (
				848B3B222C4A35C800B962FD /* NotificationViewViewModel.swift */,
			);
			path = Notifications;
			sourceTree = "<group>";
		};
		84923A9C2C311BEA004EAECC /* Frameworks */ = {
			isa = PBXGroup;
			children = (
			);
			name = Frameworks;
			sourceTree = "<group>";
		};
		84923AA52C32631F004EAECC /* Auth */ = {
			isa = PBXGroup;
			children = (
				845BAF0E2C276CD30054AAAA /* StartView.swift */,
				844A80E12C2AA3EE002A2D14 /* LoginView.swift */,
				845BAF122C276CF00054AAAA /* RegisterFirstView.swift */,
				845BAF142C276CFA0054AAAA /* KidRegisterView.swift */,
				845BAF1C2C276D780054AAAA /* AdultRegisterView.swift */,
				84D814BB2C40D2F10099B020 /* CreateAvatar.swift */,
				840F28F02C4326EC001F02FF /* AccessoriesSelection.swift */,
				840F28EE2C4320BA001F02FF /* ShirtSelection.swift */,
				840F28EC2C425C36001F02FF /* HairSelection.swift */,
				84ED76BD2C4242FA00F47875 /* SkinAvatarSelection.swift */,
			);
			path = Auth;
			sourceTree = "<group>";
		};
		84923AA62C32634E004EAECC /* Auth */ = {
			isa = PBXGroup;
			children = (
				845BAF162C276D0D0054AAAA /* StartViewViewModel.swift */,
				844A80E32C2AA3F8002A2D14 /* LoginViewViewModel.swift */,
				845BAF182C276D150054AAAA /* RegisterFirstViewViewModel.swift */,
				845BAF1A2C276D200054AAAA /* KidRegisterViewViewModel.swift */,
				845BAF1E2C276D880054AAAA /* AdultRegisterViewViewModel.swift */,
				84ED76BF2C424B1A00F47875 /* CreateAvatarViewViewModel.swift */,
			);
			path = Auth;
			sourceTree = "<group>";
		};
		84923AA82C32638C004EAECC /* Map */ = {
			isa = PBXGroup;
			children = (
				84923A922C2F7DF6004EAECC /* MapViewSheet.swift */,
				844A80D12C2A9EE4002A2D14 /* MapView.swift */,
				841B7BDD2C33545000BC5787 /* UserListView.swift */,
				8481D5952C53059F00A4AB05 /* ColorExplanation.swift */,
			);
			path = Map;
			sourceTree = "<group>";
		};
		84923AA92C326395004EAECC /* Messaging */ = {
			isa = PBXGroup;
			children = (
				844A80D52C2A9F09002A2D14 /* MessagingView.swift */,
				84445D8A2C3644A600A5EB6C /* MessagingListItem.swift */,
				846E49082C3CE85E0019C68A /* ConversationView.swift */,
				846E490A2C3CEEF40019C68A /* TextMessageView.swift */,
				849876D42C4DD5B600C57B52 /* UserView.swift */,
				849876DA2C4F30CF00C57B52 /* ReportView.swift */,
			);
			path = Messaging;
			sourceTree = "<group>";
		};
		84923AAA2C3263A2004EAECC /* Learn */ = {
			isa = PBXGroup;
			children = (
				844A80D92C2A9F17002A2D14 /* LearnView.swift */,
				84C2FF812C48AB3200E87224 /* KidsEmergencyGuide.swift */,
				84C2FF832C48AB3800E87224 /* AdultEmergencyGuide.swift */,
				8494D56B2C5EC1860059B723 /* EmergencyPlans.swift */,
				8494D56D2C5EC3C30059B723 /* MakeEmergencyPlan.swift */,
				84969DD72C63295900719A6C /* CreateEmergencyContact.swift */,
				84969DD92C6333E500719A6C /* EmergencyContactListView.swift */,
				84969DDB2C64277F00719A6C /* PetInfoListView.swift */,
				84969DDD2C6428C300719A6C /* CreatePetEmergencyInfo.swift */,
				8409CEC42C64342D002EEBDC /* SpecialNeedsEvacuationPlanView.swift */,
				8409CEC62C643C7B002EEBDC /* ChildEvacuationPlanView.swift */,
				2DCC31472C67CA550031A173 /* EmergencyPlanUsersView.swift */,
				2DCC31492C67D3980031A173 /* AddUsersToPlanSheet.swift */,
				2DCC314B2C68308B0031A173 /* EmergencyPlanView.swift */,
			);
			path = Learn;
			sourceTree = "<group>";
		};
		84923AAB2C3263AD004EAECC /* ProfileUmbrellasView */ = {
			isa = PBXGroup;
			children = (
				844A80DD2C2A9F2B002A2D14 /* ProfileView.swift */,
				84FABB832C2F30FF00173E4D /* EditProfileView.swift */,
				84FABB872C2F323100173E4D /* UmbrellaListView.swift */,
				84EF0D0C2C2B96210029A653 /* NewUmbrellaView.swift */,
				84923AB02C3264A7004EAECC /* JoinAnUmbrella.swift */,
				84923AB42C326A7D004EAECC /* OtpModifier.swift */,
				84ED817E2C4F5D2D00F58201 /* Settings.swift */,
				84ED81822C4F6A9F00F58201 /* UnblockUsers.swift */,
				84F1760F2C535C1900BE5503 /* UmbrellaView.swift */,
			);
			path = ProfileUmbrellasView;
			sourceTree = "<group>";
		};
		84923AAC2C3263C9004EAECC /* Map */ = {
			isa = PBXGroup;
			children = (
				844A80D32C2A9EEF002A2D14 /* MapViewViewModel.swift */,
				8491A1592C3B5B1A004AE55C /* groupSelection.swift */,
				841B7BDF2C335D5900BC5787 /* UserListViewViewModel.swift */,
			);
			path = Map;
			sourceTree = "<group>";
		};
		84923AAD2C3263D1004EAECC /* Messaging */ = {
			isa = PBXGroup;
			children = (
				844A80D72C2A9F11002A2D14 /* MessagingViewViewModel.swift */,
				84445D8E2C36678C00A5EB6C /* MessagingListItemViewModel.swift */,
				840C96D92C3FA1A000EFAFA7 /* ConversationViewViewModel.swift */,
				849876D62C4F204200C57B52 /* UserViewViewModel.swift */,
			);
			path = Messaging;
			sourceTree = "<group>";
		};
		84923AAE2C3263E0004EAECC /* ProfileUmbrellas */ = {
			isa = PBXGroup;
			children = (
				844A80DF2C2A9F34002A2D14 /* ProfileViewViewModel.swift */,
				84FABB8B2C2F332200173E4D /* UmbrellaListViewViewModel.swift */,
				84FABB852C2F312A00173E4D /* EditProfileViewViewModel.swift */,
				84EF0D0E2C2B965D0029A653 /* NewUmbrellaViewViewModel.swift */,
				84ED81802C4F61D900F58201 /* SettingsViewModel.swift */,
				2DA960E82C6ECCDB00688E6F /* UmbrellaViewViewModel.swift */,
			);
			path = ProfileUmbrellas;
			sourceTree = "<group>";
		};
		84923AAF2C326401004EAECC /* Learn */ = {
			isa = PBXGroup;
			children = (
				844A80DB2C2A9F20002A2D14 /* LearnViewViewModel.swift */,
				8494D56F2C631AAE0059B723 /* MakeEmergencyPlanViewModel.swift */,
				2DE745CC2C6E9BAC00035D1A /* EmergencyPlanViewViewModel.swift */,
			);
			path = Learn;
			sourceTree = "<group>";
		};
/* End PBXGroup section */

/* Begin PBXNativeTarget section */
		845F099C2C2766DF00070E19 /* UmbrellaFloodSafety */ = {
			isa = PBXNativeTarget;
			buildConfigurationList = 845F09AB2C2766E100070E19 /* Build configuration list for PBXNativeTarget "UmbrellaFloodSafety" */;
			buildPhases = (
				845F09992C2766DF00070E19 /* Sources */,
				845F099A2C2766DF00070E19 /* Frameworks */,
				845F099B2C2766DF00070E19 /* Resources */,
			);
			buildRules = (
			);
			dependencies = (
			);
			name = UmbrellaFloodSafety;
			packageProductDependencies = (
				845F09B12C27680B00070E19 /* FirebaseAnalytics */,
				845F09B32C27680B00070E19 /* FirebaseAuth */,
				845F09B52C27680B00070E19 /* FirebaseFirestore */,
				845F09B72C27680B00070E19 /* FirebaseFirestoreSwift */,
				84923A9D2C311BEA004EAECC /* FirebaseStorage */,
				84A742052C3702E4004858D8 /* BottomSheet */,
				84271DDA2C56093900CF8B91 /* FirebaseFunctions */,
			);
			productName = UmbrellaFloodSafety;
			productReference = 845F099D2C2766DF00070E19 /* UmbrellaFloodSafety.app */;
			productType = "com.apple.product-type.application";
		};
/* End PBXNativeTarget section */

/* Begin PBXProject section */
		845F09952C2766DF00070E19 /* Project object */ = {
			isa = PBXProject;
			attributes = {
				BuildIndependentTargetsInParallel = 1;
				LastSwiftUpdateCheck = 1540;
				LastUpgradeCheck = 1540;
				TargetAttributes = {
					845F099C2C2766DF00070E19 = {
						CreatedOnToolsVersion = 15.4;
					};
				};
			};
			buildConfigurationList = 845F09982C2766DF00070E19 /* Build configuration list for PBXProject "UmbrellaFloodSafety" */;
			compatibilityVersion = "Xcode 14.0";
			developmentRegion = en;
			hasScannedForEncodings = 0;
			knownRegions = (
				en,
				Base,
				es,
			);
			mainGroup = 845F09942C2766DF00070E19;
			packageReferences = (
				845F09B02C27680B00070E19 /* XCRemoteSwiftPackageReference "firebase-ios-sdk" */,
				84A742042C3702E4004858D8 /* XCRemoteSwiftPackageReference "BottomSheet" */,
			);
			productRefGroup = 845F099E2C2766DF00070E19 /* Products */;
			projectDirPath = "";
			projectRoot = "";
			targets = (
				845F099C2C2766DF00070E19 /* UmbrellaFloodSafety */,
			);
		};
/* End PBXProject section */

/* Begin PBXResourcesBuildPhase section */
		845F099B2C2766DF00070E19 /* Resources */ = {
			isa = PBXResourcesBuildPhase;
			buildActionMask = 2147483647;
			files = (
				845F09A82C2766E100070E19 /* Preview Assets.xcassets in Resources */,
				843A1A3C2C27C51100F305C1 /* Nunito-VariableFont_wght.ttf in Resources */,
				84ED81852C4F718100F58201 /* Localizable.xcstrings in Resources */,
				843A1A332C27C51100F305C1 /* Nunito-Italic.ttf in Resources */,
				843A1A3B2C27C51100F305C1 /* Nunito-Italic-VariableFont_wght.ttf in Resources */,
				843A1A2E2C27C51100F305C1 /* Nunito-BoldItalic.ttf in Resources */,
				843A1A3E2C27C51100F305C1 /* README.txt in Resources */,
				843A1A372C27C51100F305C1 /* Nunito-MediumItalic.ttf in Resources */,
				843A1A352C27C51100F305C1 /* Nunito-LightItalic.ttf in Resources */,
				845F09A52C2766E100070E19 /* Assets.xcassets in Resources */,
				843A1A2B2C27C51100F305C1 /* Nunito-Black.ttf in Resources */,
				843A1A2D2C27C51100F305C1 /* Nunito-Bold.ttf in Resources */,
				843A1A2C2C27C51100F305C1 /* Nunito-BlackItalic.ttf in Resources */,
				843A1A3D2C27C51100F305C1 /* OFL.txt in Resources */,
				843A1A2F2C27C51100F305C1 /* Nunito-ExtraBold.ttf in Resources */,
				843A1A342C27C51100F305C1 /* Nunito-Light.ttf in Resources */,
				843A1A3A2C27C51100F305C1 /* Nunito-SemiBoldItalic.ttf in Resources */,
				843A1A392C27C51100F305C1 /* Nunito-SemiBold.ttf in Resources */,
				843A1A322C27C51100F305C1 /* Nunito-ExtraLightItalic.ttf in Resources */,
				843A1A302C27C51100F305C1 /* Nunito-ExtraBoldItalic.ttf in Resources */,
				843A1A312C27C51100F305C1 /* Nunito-ExtraLight.ttf in Resources */,
				843A1A382C27C51100F305C1 /* Nunito-Regular.ttf in Resources */,
				843A1A362C27C51100F305C1 /* Nunito-Medium.ttf in Resources */,
				8438F31B2C2E22BF00F0EB3E /* GoogleService-Info.plist in Resources */,
			);
			runOnlyForDeploymentPostprocessing = 0;
		};
/* End PBXResourcesBuildPhase section */

/* Begin PBXSourcesBuildPhase section */
		845F09992C2766DF00070E19 /* Sources */ = {
			isa = PBXSourcesBuildPhase;
			buildActionMask = 2147483647;
			files = (
				84ED76C02C424B1A00F47875 /* CreateAvatarViewViewModel.swift in Sources */,
				84B297E42C3B9AF3008E5F00 /* MapMarker.swift in Sources */,
				84445D8F2C36678C00A5EB6C /* MessagingListItemViewModel.swift in Sources */,
				84EF0D0B2C2B93DC0029A653 /* UMButtonStroke.swift in Sources */,
				849876D72C4F204200C57B52 /* UserViewViewModel.swift in Sources */,
				84C2FF822C48AB3200E87224 /* KidsEmergencyGuide.swift in Sources */,
				844A80D82C2A9F11002A2D14 /* MessagingViewViewModel.swift in Sources */,
				844A80DA2C2A9F17002A2D14 /* LearnView.swift in Sources */,
				2DCC314A2C67D3980031A173 /* AddUsersToPlanSheet.swift in Sources */,
				8475EA642C35AF5C00321D9D /* FirebaseManager.swift in Sources */,
				84969DCE2C63224F00719A6C /* PetEmergencyInfo.swift in Sources */,
				845BAF172C276D0D0054AAAA /* StartViewViewModel.swift in Sources */,
				2DCC314C2C68308B0031A173 /* EmergencyPlanView.swift in Sources */,
				846F3C252C2BD7D300DACB0C /* WeatherManager.swift in Sources */,
				845BAF212C2775580054AAAA /* MainView.swift in Sources */,
				841B7BDE2C33545000BC5787 /* UserListView.swift in Sources */,
				845BAF232C2775630054AAAA /* MainViewViewModel.swift in Sources */,
				84923A932C2F7DF6004EAECC /* MapViewSheet.swift in Sources */,
				2DCC31502C6AA9440031A173 /* TransitionTest.swift in Sources */,
				84EF0D0F2C2B965D0029A653 /* NewUmbrellaViewViewModel.swift in Sources */,
				84923AB52C326A7D004EAECC /* OtpModifier.swift in Sources */,
				84D814BC2C40D2F10099B020 /* CreateAvatar.swift in Sources */,
				84969DD82C63295900719A6C /* CreateEmergencyContact.swift in Sources */,
				2DF32F5D2C67C047002C7ECF /* EmergencyPlanFirebaseManager.swift in Sources */,
				84ED817F2C4F5D2D00F58201 /* Settings.swift in Sources */,
				844A80E02C2A9F34002A2D14 /* ProfileViewViewModel.swift in Sources */,
				84969DDC2C64277F00719A6C /* PetInfoListView.swift in Sources */,
				8494D5722C631AF60059B723 /* EmergencyContact.swift in Sources */,
				840C96DA2C3FA1A000EFAFA7 /* ConversationViewViewModel.swift in Sources */,
				84923A952C2F806B004EAECC /* ProfileWMarker.swift in Sources */,
				84FABB862C2F312A00173E4D /* EditProfileViewViewModel.swift in Sources */,
				846E49052C3CD3E80019C68A /* conversation.swift in Sources */,
				844A80DC2C2A9F20002A2D14 /* LearnViewViewModel.swift in Sources */,
				845BAF1B2C276D200054AAAA /* KidRegisterViewViewModel.swift in Sources */,
				2DE745CD2C6E9BAC00035D1A /* EmergencyPlanViewViewModel.swift in Sources */,
				840F28ED2C425C36001F02FF /* HairSelection.swift in Sources */,
				84969DD02C6323F200719A6C /* childEvacuationPlan.swift in Sources */,
				848B3B232C4A35C800B962FD /* NotificationViewViewModel.swift in Sources */,
				848B3B202C4A353200B962FD /* Notification.swift in Sources */,
				84969DD42C63256800719A6C /* FamilyResponsibilities.swift in Sources */,
				84969DDA2C6333E500719A6C /* EmergencyContactListView.swift in Sources */,
				845BAF0F2C276CD30054AAAA /* StartView.swift in Sources */,
				845BAF192C276D150054AAAA /* RegisterFirstViewViewModel.swift in Sources */,
				849876C92C4CB63500C57B52 /* TabController.swift in Sources */,
				84EF0D112C2B9CE80029A653 /* group.swift in Sources */,
				84C2FF842C48AB3800E87224 /* AdultEmergencyGuide.swift in Sources */,
				8491A15A2C3B5B1A004AE55C /* groupSelection.swift in Sources */,
				845BAF272C277BCC0054AAAA /* UMButton.swift in Sources */,
				845F09A12C2766DF00070E19 /* UmbrellaFloodSafetyApp.swift in Sources */,
				2DF32F5F2C67C161002C7ECF /* EmergencyPlanModel.swift in Sources */,
				84FABB842C2F30FF00173E4D /* EditProfileView.swift in Sources */,
				84BEC9E52C48B8DB00119CCF /* FloodSafetyResources.swift in Sources */,
				2DCC314E2C686C9A0031A173 /* FloodDetectedView.swift in Sources */,
				8433B8A12C4811AE002AEF51 /* Call911Button.swift in Sources */,
				84ED81812C4F61D900F58201 /* SettingsViewModel.swift in Sources */,
				8494D56E2C5EC3C30059B723 /* MakeEmergencyPlan.swift in Sources */,
				840F28EF2C4320BA001F02FF /* ShirtSelection.swift in Sources */,
				84969DDE2C6428C300719A6C /* CreatePetEmergencyInfo.swift in Sources */,
				84FABB882C2F323100173E4D /* UmbrellaListView.swift in Sources */,
				844A80E22C2AA3EE002A2D14 /* LoginView.swift in Sources */,
				84ED81832C4F6A9F00F58201 /* UnblockUsers.swift in Sources */,
				84445D8B2C3644A600A5EB6C /* MessagingListItem.swift in Sources */,
				8481D5962C53059F00A4AB05 /* ColorExplanation.swift in Sources */,
				849876D52C4DD5B600C57B52 /* UserView.swift in Sources */,
				844A80D22C2A9EE4002A2D14 /* MapView.swift in Sources */,
				844A80D62C2A9F09002A2D14 /* MessagingView.swift in Sources */,
				8494D56C2C5EC1860059B723 /* EmergencyPlans.swift in Sources */,
				8494D5702C631AAE0059B723 /* MakeEmergencyPlanViewModel.swift in Sources */,
				845BAF1F2C276D880054AAAA /* AdultRegisterViewViewModel.swift in Sources */,
				841B7BE02C335D5900BC5787 /* UserListViewViewModel.swift in Sources */,
				845F09BD2C2768CA00070E19 /* User.swift in Sources */,
				84923A972C2F82BF004EAECC /* WarningColorManager.swift in Sources */,
				2DCC31482C67CA550031A173 /* EmergencyPlanUsersView.swift in Sources */,
				2DA960E92C6ECCDB00688E6F /* UmbrellaViewViewModel.swift in Sources */,
				844A80D42C2A9EEF002A2D14 /* MapViewViewModel.swift in Sources */,
				84923AB12C3264A7004EAECC /* JoinAnUmbrella.swift in Sources */,
				844A80E42C2AA3F8002A2D14 /* LoginViewViewModel.swift in Sources */,
				844A80DE2C2A9F2B002A2D14 /* ProfileView.swift in Sources */,
				846E49092C3CE85E0019C68A /* ConversationView.swift in Sources */,
				84F176102C535C1900BE5503 /* UmbrellaView.swift in Sources */,
				84D814B82C40D2C00099B020 /* suggestionView.swift in Sources */,
				845BAF252C2776D90054AAAA /* Extensions.swift in Sources */,
				845BAF152C276CFA0054AAAA /* KidRegisterView.swift in Sources */,
				849876D92C4F2A8000C57B52 /* Report.swift in Sources */,
				84C2FF802C48AB0600E87224 /* NotificationView.swift in Sources */,
				84445D892C3641EC00A5EB6C /* LearnTile.swift in Sources */,
				846E490B2C3CEEF40019C68A /* TextMessageView.swift in Sources */,
				840F28F32C4356F3001F02FF /* LearnTileStroke.swift in Sources */,
				84D814BE2C40FC200099B020 /* OpenAIAPI.swift in Sources */,
				840F28F12C4326EC001F02FF /* AccessoriesSelection.swift in Sources */,
				84FABB8C2C2F332200173E4D /* UmbrellaListViewViewModel.swift in Sources */,
				849876DB2C4F30CF00C57B52 /* ReportView.swift in Sources */,
				84EF0D0D2C2B96210029A653 /* NewUmbrellaView.swift in Sources */,
				84969DD22C6324AD00719A6C /* SpecialNeedsEvacuationPlan.swift in Sources */,
				844E4E712C4A3265007A22BA /* SingleNotificationView.swift in Sources */,
				845BAF132C276CF00054AAAA /* RegisterFirstView.swift in Sources */,
				845BAF1D2C276D780054AAAA /* AdultRegisterView.swift in Sources */,
				84309F282C4211E100E60040 /* ProfilePictureView.swift in Sources */,
				8409CEC72C643C7B002EEBDC /* ChildEvacuationPlanView.swift in Sources */,
				84ED76BE2C4242FA00F47875 /* SkinAvatarSelection.swift in Sources */,
				8409CEC52C64342D002EEBDC /* SpecialNeedsEvacuationPlanView.swift in Sources */,
			);
			runOnlyForDeploymentPostprocessing = 0;
		};
/* End PBXSourcesBuildPhase section */

/* Begin XCBuildConfiguration section */
		845F09A92C2766E100070E19 /* Debug */ = {
			isa = XCBuildConfiguration;
			buildSettings = {
				ALWAYS_SEARCH_USER_PATHS = NO;
				ASSETCATALOG_COMPILER_GENERATE_SWIFT_ASSET_SYMBOL_EXTENSIONS = YES;
				CLANG_ANALYZER_NONNULL = YES;
				CLANG_ANALYZER_NUMBER_OBJECT_CONVERSION = YES_AGGRESSIVE;
				CLANG_CXX_LANGUAGE_STANDARD = "gnu++20";
				CLANG_ENABLE_MODULES = YES;
				CLANG_ENABLE_OBJC_ARC = YES;
				CLANG_ENABLE_OBJC_WEAK = YES;
				CLANG_WARN_BLOCK_CAPTURE_AUTORELEASING = YES;
				CLANG_WARN_BOOL_CONVERSION = YES;
				CLANG_WARN_COMMA = YES;
				CLANG_WARN_CONSTANT_CONVERSION = YES;
				CLANG_WARN_DEPRECATED_OBJC_IMPLEMENTATIONS = YES;
				CLANG_WARN_DIRECT_OBJC_ISA_USAGE = YES_ERROR;
				CLANG_WARN_DOCUMENTATION_COMMENTS = YES;
				CLANG_WARN_EMPTY_BODY = YES;
				CLANG_WARN_ENUM_CONVERSION = YES;
				CLANG_WARN_INFINITE_RECURSION = YES;
				CLANG_WARN_INT_CONVERSION = YES;
				CLANG_WARN_NON_LITERAL_NULL_CONVERSION = YES;
				CLANG_WARN_OBJC_IMPLICIT_RETAIN_SELF = YES;
				CLANG_WARN_OBJC_LITERAL_CONVERSION = YES;
				CLANG_WARN_OBJC_ROOT_CLASS = YES_ERROR;
				CLANG_WARN_QUOTED_INCLUDE_IN_FRAMEWORK_HEADER = YES;
				CLANG_WARN_RANGE_LOOP_ANALYSIS = YES;
				CLANG_WARN_STRICT_PROTOTYPES = YES;
				CLANG_WARN_SUSPICIOUS_MOVE = YES;
				CLANG_WARN_UNGUARDED_AVAILABILITY = YES_AGGRESSIVE;
				CLANG_WARN_UNREACHABLE_CODE = YES;
				CLANG_WARN__DUPLICATE_METHOD_MATCH = YES;
				COPY_PHASE_STRIP = NO;
				DEBUG_INFORMATION_FORMAT = dwarf;
				ENABLE_STRICT_OBJC_MSGSEND = YES;
				ENABLE_TESTABILITY = YES;
				ENABLE_USER_SCRIPT_SANDBOXING = YES;
				GCC_C_LANGUAGE_STANDARD = gnu17;
				GCC_DYNAMIC_NO_PIC = NO;
				GCC_NO_COMMON_BLOCKS = YES;
				GCC_OPTIMIZATION_LEVEL = 0;
				GCC_PREPROCESSOR_DEFINITIONS = (
					"DEBUG=1",
					"$(inherited)",
				);
				GCC_WARN_64_TO_32_BIT_CONVERSION = YES;
				GCC_WARN_ABOUT_RETURN_TYPE = YES_ERROR;
				GCC_WARN_UNDECLARED_SELECTOR = YES;
				GCC_WARN_UNINITIALIZED_AUTOS = YES_AGGRESSIVE;
				GCC_WARN_UNUSED_FUNCTION = YES;
				GCC_WARN_UNUSED_VARIABLE = YES;
				IPHONEOS_DEPLOYMENT_TARGET = 17.5;
				LOCALIZATION_PREFERS_STRING_CATALOGS = YES;
				MTL_ENABLE_DEBUG_INFO = INCLUDE_SOURCE;
				MTL_FAST_MATH = YES;
				ONLY_ACTIVE_ARCH = YES;
				SDKROOT = iphoneos;
				SWIFT_ACTIVE_COMPILATION_CONDITIONS = "DEBUG $(inherited)";
				SWIFT_OPTIMIZATION_LEVEL = "-Onone";
			};
			name = Debug;
		};
		845F09AA2C2766E100070E19 /* Release */ = {
			isa = XCBuildConfiguration;
			buildSettings = {
				ALWAYS_SEARCH_USER_PATHS = NO;
				ASSETCATALOG_COMPILER_GENERATE_SWIFT_ASSET_SYMBOL_EXTENSIONS = YES;
				CLANG_ANALYZER_NONNULL = YES;
				CLANG_ANALYZER_NUMBER_OBJECT_CONVERSION = YES_AGGRESSIVE;
				CLANG_CXX_LANGUAGE_STANDARD = "gnu++20";
				CLANG_ENABLE_MODULES = YES;
				CLANG_ENABLE_OBJC_ARC = YES;
				CLANG_ENABLE_OBJC_WEAK = YES;
				CLANG_WARN_BLOCK_CAPTURE_AUTORELEASING = YES;
				CLANG_WARN_BOOL_CONVERSION = YES;
				CLANG_WARN_COMMA = YES;
				CLANG_WARN_CONSTANT_CONVERSION = YES;
				CLANG_WARN_DEPRECATED_OBJC_IMPLEMENTATIONS = YES;
				CLANG_WARN_DIRECT_OBJC_ISA_USAGE = YES_ERROR;
				CLANG_WARN_DOCUMENTATION_COMMENTS = YES;
				CLANG_WARN_EMPTY_BODY = YES;
				CLANG_WARN_ENUM_CONVERSION = YES;
				CLANG_WARN_INFINITE_RECURSION = YES;
				CLANG_WARN_INT_CONVERSION = YES;
				CLANG_WARN_NON_LITERAL_NULL_CONVERSION = YES;
				CLANG_WARN_OBJC_IMPLICIT_RETAIN_SELF = YES;
				CLANG_WARN_OBJC_LITERAL_CONVERSION = YES;
				CLANG_WARN_OBJC_ROOT_CLASS = YES_ERROR;
				CLANG_WARN_QUOTED_INCLUDE_IN_FRAMEWORK_HEADER = YES;
				CLANG_WARN_RANGE_LOOP_ANALYSIS = YES;
				CLANG_WARN_STRICT_PROTOTYPES = YES;
				CLANG_WARN_SUSPICIOUS_MOVE = YES;
				CLANG_WARN_UNGUARDED_AVAILABILITY = YES_AGGRESSIVE;
				CLANG_WARN_UNREACHABLE_CODE = YES;
				CLANG_WARN__DUPLICATE_METHOD_MATCH = YES;
				COPY_PHASE_STRIP = NO;
				DEBUG_INFORMATION_FORMAT = "dwarf-with-dsym";
				ENABLE_NS_ASSERTIONS = NO;
				ENABLE_STRICT_OBJC_MSGSEND = YES;
				ENABLE_USER_SCRIPT_SANDBOXING = YES;
				GCC_C_LANGUAGE_STANDARD = gnu17;
				GCC_NO_COMMON_BLOCKS = YES;
				GCC_WARN_64_TO_32_BIT_CONVERSION = YES;
				GCC_WARN_ABOUT_RETURN_TYPE = YES_ERROR;
				GCC_WARN_UNDECLARED_SELECTOR = YES;
				GCC_WARN_UNINITIALIZED_AUTOS = YES_AGGRESSIVE;
				GCC_WARN_UNUSED_FUNCTION = YES;
				GCC_WARN_UNUSED_VARIABLE = YES;
				IPHONEOS_DEPLOYMENT_TARGET = 17.5;
				LOCALIZATION_PREFERS_STRING_CATALOGS = YES;
				MTL_ENABLE_DEBUG_INFO = NO;
				MTL_FAST_MATH = YES;
				SDKROOT = iphoneos;
				SWIFT_COMPILATION_MODE = wholemodule;
				VALIDATE_PRODUCT = YES;
			};
			name = Release;
		};
		845F09AC2C2766E100070E19 /* Debug */ = {
			isa = XCBuildConfiguration;
			buildSettings = {
				ASSETCATALOG_COMPILER_APPICON_NAME = AppIcon;
				ASSETCATALOG_COMPILER_GLOBAL_ACCENT_COLOR_NAME = AccentColor;
				CODE_SIGN_ENTITLEMENTS = UmbrellaFloodSafety/UmbrellaFloodSafety.entitlements;
				CODE_SIGN_IDENTITY = "Apple Development";
				CODE_SIGN_STYLE = Automatic;
				CURRENT_PROJECT_VERSION = 20240822;
				DEVELOPMENT_ASSET_PATHS = "\"UmbrellaFloodSafety/Preview Content\"";
				DEVELOPMENT_TEAM = N8YGT32D5B;
				ENABLE_PREVIEWS = YES;
				GENERATE_INFOPLIST_FILE = YES;
				INFOPLIST_FILE = UmbrellaFloodSafety/Info.plist;
				INFOPLIST_KEY_CFBundleDisplayName = Umbrella;
				INFOPLIST_KEY_NSLocationAlwaysAndWhenInUseUsageDescription = "We need your location to provide real-time flood alerts and make sure you're safe during emergencies.";
				INFOPLIST_KEY_NSLocationWhenInUseUsageDescription = "We need your location to provide real-time flood alerts and make sure you're safe during emergencies.";
				INFOPLIST_KEY_UIApplicationSceneManifest_Generation = YES;
				INFOPLIST_KEY_UIApplicationSupportsIndirectInputEvents = YES;
				INFOPLIST_KEY_UILaunchScreen_Generation = YES;
				INFOPLIST_KEY_UIRequiresFullScreen = NO;
				INFOPLIST_KEY_UISupportedInterfaceOrientations = "UIInterfaceOrientationLandscapeLeft UIInterfaceOrientationLandscapeRight UIInterfaceOrientationPortrait UIInterfaceOrientationPortraitUpsideDown";
				INFOPLIST_KEY_UIUserInterfaceStyle = Light;
				IPHONEOS_DEPLOYMENT_TARGET = 17.0;
				LD_RUNPATH_SEARCH_PATHS = (
					"$(inherited)",
					"@executable_path/Frameworks",
				);
				MARKETING_VERSION = 1.0;
				PRODUCT_BUNDLE_IDENTIFIER = com.dianamoya.UmbrellaFloodSafety;
				PRODUCT_NAME = "$(TARGET_NAME)";
				PROVISIONING_PROFILE_SPECIFIER = "";
				SUPPORTED_PLATFORMS = "iphoneos iphonesimulator";
				SUPPORTS_MACCATALYST = NO;
				SWIFT_EMIT_LOC_STRINGS = YES;
				SWIFT_VERSION = 5.0;
				TARGETED_DEVICE_FAMILY = "1,2";
			};
			name = Debug;
		};
		845F09AD2C2766E100070E19 /* Release */ = {
			isa = XCBuildConfiguration;
			buildSettings = {
				ASSETCATALOG_COMPILER_APPICON_NAME = AppIcon;
				ASSETCATALOG_COMPILER_GLOBAL_ACCENT_COLOR_NAME = AccentColor;
				CODE_SIGN_ENTITLEMENTS = UmbrellaFloodSafety/UmbrellaFloodSafety.entitlements;
				CODE_SIGN_IDENTITY = "Apple Development";
				CODE_SIGN_STYLE = Automatic;
				CURRENT_PROJECT_VERSION = 20240822;
				DEVELOPMENT_ASSET_PATHS = "\"UmbrellaFloodSafety/Preview Content\"";
				DEVELOPMENT_TEAM = N8YGT32D5B;
				ENABLE_PREVIEWS = YES;
				GENERATE_INFOPLIST_FILE = YES;
				INFOPLIST_FILE = UmbrellaFloodSafety/Info.plist;
				INFOPLIST_KEY_CFBundleDisplayName = Umbrella;
				INFOPLIST_KEY_NSLocationAlwaysAndWhenInUseUsageDescription = "We need your location to provide real-time flood alerts and make sure you're safe during emergencies.";
				INFOPLIST_KEY_NSLocationWhenInUseUsageDescription = "We need your location to provide real-time flood alerts and make sure you're safe during emergencies.";
				INFOPLIST_KEY_UIApplicationSceneManifest_Generation = YES;
				INFOPLIST_KEY_UIApplicationSupportsIndirectInputEvents = YES;
				INFOPLIST_KEY_UILaunchScreen_Generation = YES;
				INFOPLIST_KEY_UIRequiresFullScreen = NO;
				INFOPLIST_KEY_UISupportedInterfaceOrientations = "UIInterfaceOrientationLandscapeLeft UIInterfaceOrientationLandscapeRight UIInterfaceOrientationPortrait UIInterfaceOrientationPortraitUpsideDown";
				INFOPLIST_KEY_UIUserInterfaceStyle = Light;
				IPHONEOS_DEPLOYMENT_TARGET = 17.0;
				LD_RUNPATH_SEARCH_PATHS = (
					"$(inherited)",
					"@executable_path/Frameworks",
				);
				MARKETING_VERSION = 1.0;
				PRODUCT_BUNDLE_IDENTIFIER = com.dianamoya.UmbrellaFloodSafety;
				PRODUCT_NAME = "$(TARGET_NAME)";
				PROVISIONING_PROFILE_SPECIFIER = "";
				SUPPORTED_PLATFORMS = "iphoneos iphonesimulator";
				SUPPORTS_MACCATALYST = NO;
				SWIFT_EMIT_LOC_STRINGS = YES;
				SWIFT_VERSION = 5.0;
				TARGETED_DEVICE_FAMILY = "1,2";
			};
			name = Release;
		};
/* End XCBuildConfiguration section */

/* Begin XCConfigurationList section */
		845F09982C2766DF00070E19 /* Build configuration list for PBXProject "UmbrellaFloodSafety" */ = {
			isa = XCConfigurationList;
			buildConfigurations = (
				845F09A92C2766E100070E19 /* Debug */,
				845F09AA2C2766E100070E19 /* Release */,
			);
			defaultConfigurationIsVisible = 0;
			defaultConfigurationName = Release;
		};
		845F09AB2C2766E100070E19 /* Build configuration list for PBXNativeTarget "UmbrellaFloodSafety" */ = {
			isa = XCConfigurationList;
			buildConfigurations = (
				845F09AC2C2766E100070E19 /* Debug */,
				845F09AD2C2766E100070E19 /* Release */,
			);
			defaultConfigurationIsVisible = 0;
			defaultConfigurationName = Release;
		};
/* End XCConfigurationList section */

/* Begin XCRemoteSwiftPackageReference section */
		845F09B02C27680B00070E19 /* XCRemoteSwiftPackageReference "firebase-ios-sdk" */ = {
			isa = XCRemoteSwiftPackageReference;
			repositoryURL = "https://github.com/firebase/firebase-ios-sdk";
			requirement = {
				kind = upToNextMajorVersion;
				minimumVersion = 10.28.0;
			};
		};
		84A742042C3702E4004858D8 /* XCRemoteSwiftPackageReference "BottomSheet" */ = {
			isa = XCRemoteSwiftPackageReference;
			repositoryURL = "https://github.com/lucaszischka/BottomSheet";
			requirement = {
				kind = upToNextMajorVersion;
				minimumVersion = 3.1.1;
			};
		};
/* End XCRemoteSwiftPackageReference section */

/* Begin XCSwiftPackageProductDependency section */
		84271DDA2C56093900CF8B91 /* FirebaseFunctions */ = {
			isa = XCSwiftPackageProductDependency;
			package = 845F09B02C27680B00070E19 /* XCRemoteSwiftPackageReference "firebase-ios-sdk" */;
			productName = FirebaseFunctions;
		};
		845F09B12C27680B00070E19 /* FirebaseAnalytics */ = {
			isa = XCSwiftPackageProductDependency;
			package = 845F09B02C27680B00070E19 /* XCRemoteSwiftPackageReference "firebase-ios-sdk" */;
			productName = FirebaseAnalytics;
		};
		845F09B32C27680B00070E19 /* FirebaseAuth */ = {
			isa = XCSwiftPackageProductDependency;
			package = 845F09B02C27680B00070E19 /* XCRemoteSwiftPackageReference "firebase-ios-sdk" */;
			productName = FirebaseAuth;
		};
		845F09B52C27680B00070E19 /* FirebaseFirestore */ = {
			isa = XCSwiftPackageProductDependency;
			package = 845F09B02C27680B00070E19 /* XCRemoteSwiftPackageReference "firebase-ios-sdk" */;
			productName = FirebaseFirestore;
		};
		845F09B72C27680B00070E19 /* FirebaseFirestoreSwift */ = {
			isa = XCSwiftPackageProductDependency;
			package = 845F09B02C27680B00070E19 /* XCRemoteSwiftPackageReference "firebase-ios-sdk" */;
			productName = FirebaseFirestoreSwift;
		};
		84923A9D2C311BEA004EAECC /* FirebaseStorage */ = {
			isa = XCSwiftPackageProductDependency;
			package = 845F09B02C27680B00070E19 /* XCRemoteSwiftPackageReference "firebase-ios-sdk" */;
			productName = FirebaseStorage;
		};
		84A742052C3702E4004858D8 /* BottomSheet */ = {
			isa = XCSwiftPackageProductDependency;
			package = 84A742042C3702E4004858D8 /* XCRemoteSwiftPackageReference "BottomSheet" */;
			productName = BottomSheet;
		};
/* End XCSwiftPackageProductDependency section */
	};
	rootObject = 845F09952C2766DF00070E19 /* Project object */;
}
